<?xml version="1.0" encoding="UTF-8"?>
<!DOCTYPE plist PUBLIC "-//Apple//DTD PLIST 1.0//EN" "http://www.apple.com/DTDs/PropertyList-1.0.dtd">
<plist version="1.0">
<dict>
	<key>archiveVersion</key>
	<string>1</string>
	<key>classes</key>
	<dict/>
	<key>objectVersion</key>
	<string>46</string>
	<key>objects</key>
	<dict>
		<key>217B308C28D844E7B8BB6760</key>
		<dict>
			<key>includeInIndex</key>
			<string>1</string>
			<key>isa</key>
			<string>PBXFileReference</string>
			<key>lastKnownFileType</key>
			<string>text.xcconfig</string>
			<key>name</key>
			<string>Pods-CookieCrunchTests.debug.xcconfig</string>
			<key>path</key>
			<string>Pods/Target Support Files/Pods-CookieCrunchTests/Pods-CookieCrunchTests.debug.xcconfig</string>
			<key>sourceTree</key>
			<string>&lt;group&gt;</string>
		</dict>
		<key>263116638ED90FAC1205BD01</key>
		<dict>
			<key>explicitFileType</key>
			<string>archive.ar</string>
			<key>includeInIndex</key>
			<string>0</string>
			<key>isa</key>
			<string>PBXFileReference</string>
			<key>path</key>
			<string>libPods-CookieCrunch-cal.a</string>
			<key>sourceTree</key>
			<string>BUILT_PRODUCTS_DIR</string>
		</dict>
		<key>2C43D0B20E0C1AB68C2AFB7F</key>
		<dict>
			<key>children</key>
			<array>
				<string>9654EA215D2A3CCA00F53DDF</string>
				<string>4AA04C20130CB414A866859A</string>
				<string>263116638ED90FAC1205BD01</string>
			</array>
			<key>isa</key>
			<string>PBXGroup</string>
			<key>name</key>
			<string>Frameworks</string>
			<key>sourceTree</key>
			<string>&lt;group&gt;</string>
		</dict>
		<key>38C040ACD4AE7387F5A8E1C1</key>
		<dict>
			<key>buildActionMask</key>
			<string>2147483647</string>
			<key>files</key>
			<array/>
			<key>inputPaths</key>
			<array/>
			<key>isa</key>
			<string>PBXShellScriptBuildPhase</string>
			<key>name</key>
			<string>Embed Pods Frameworks</string>
			<key>outputPaths</key>
			<array/>
			<key>runOnlyForDeploymentPostprocessing</key>
			<string>0</string>
			<key>shellPath</key>
			<string>/bin/sh</string>
			<key>shellScript</key>
			<string>"${SRCROOT}/Pods/Target Support Files/Pods-CookieCrunchTests/Pods-CookieCrunchTests-frameworks.sh"
</string>
			<key>showEnvVarsInLog</key>
			<string>0</string>
		</dict>
		<key>42114F6B4FBF61A3A3C38B69</key>
		<dict>
			<key>includeInIndex</key>
			<string>1</string>
			<key>isa</key>
			<string>PBXFileReference</string>
			<key>lastKnownFileType</key>
			<string>text.xcconfig</string>
			<key>name</key>
			<string>Pods-CookieCrunch.release.xcconfig</string>
			<key>path</key>
			<string>Pods/Target Support Files/Pods-CookieCrunch/Pods-CookieCrunch.release.xcconfig</string>
			<key>sourceTree</key>
			<string>&lt;group&gt;</string>
		</dict>
		<key>4AA04C20130CB414A866859A</key>
		<dict>
			<key>explicitFileType</key>
			<string>wrapper.framework</string>
			<key>includeInIndex</key>
			<string>0</string>
			<key>isa</key>
			<string>PBXFileReference</string>
			<key>path</key>
			<string>Pods_CookieCrunchTests.framework</string>
			<key>sourceTree</key>
			<string>BUILT_PRODUCTS_DIR</string>
		</dict>
		<key>81E5FF5FEDF5B6FB570D4A80</key>
		<dict>
			<key>fileRef</key>
			<string>9654EA215D2A3CCA00F53DDF</string>
			<key>isa</key>
			<string>PBXBuildFile</string>
		</dict>
		<key>91B959500E23830BBDE15CFA</key>
		<dict>
			<key>fileRef</key>
			<string>4AA04C20130CB414A866859A</string>
			<key>isa</key>
			<string>PBXBuildFile</string>
			<key>settings</key>
			<dict>
				<key>ATTRIBUTES</key>
				<array>
					<string>Weak</string>
				</array>
			</dict>
		</dict>
		<key>9654EA215D2A3CCA00F53DDF</key>
		<dict>
			<key>explicitFileType</key>
			<string>archive.ar</string>
			<key>includeInIndex</key>
			<string>0</string>
			<key>isa</key>
			<string>PBXFileReference</string>
			<key>path</key>
			<string>libPods-CookieCrunch.a</string>
			<key>sourceTree</key>
			<string>BUILT_PRODUCTS_DIR</string>
		</dict>
		<key>9AAA02B181A161C717632D2E</key>
		<dict>
			<key>buildActionMask</key>
			<string>2147483647</string>
			<key>files</key>
			<array/>
			<key>inputPaths</key>
			<array/>
			<key>isa</key>
			<string>PBXShellScriptBuildPhase</string>
			<key>name</key>
			<string>Copy Pods Resources</string>
			<key>outputPaths</key>
			<array/>
			<key>runOnlyForDeploymentPostprocessing</key>
			<string>0</string>
			<key>shellPath</key>
			<string>/bin/sh</string>
			<key>shellScript</key>
			<string>"${SRCROOT}/Pods/Target Support Files/Pods-CookieCrunchTests/Pods-CookieCrunchTests-resources.sh"
</string>
			<key>showEnvVarsInLog</key>
			<string>0</string>
		</dict>
		<key>9E37638A228C8B5A55DFC7BE</key>
		<dict>
			<key>buildActionMask</key>
			<string>2147483647</string>
			<key>files</key>
			<array/>
			<key>inputPaths</key>
			<array/>
			<key>isa</key>
			<string>PBXShellScriptBuildPhase</string>
			<key>name</key>
			<string>Check Pods Manifest.lock</string>
			<key>outputPaths</key>
			<array/>
			<key>runOnlyForDeploymentPostprocessing</key>
			<string>0</string>
			<key>shellPath</key>
			<string>/bin/sh</string>
			<key>shellScript</key>
			<string>diff "${PODS_ROOT}/../Podfile.lock" "${PODS_ROOT}/Manifest.lock" &gt; /dev/null
if [[ $? != 0 ]] ; then
    cat &lt;&lt; EOM
error: The sandbox is not in sync with the Podfile.lock. Run 'pod install' or update your CocoaPods installation.
EOM
    exit 1
fi
</string>
			<key>showEnvVarsInLog</key>
			<string>0</string>
		</dict>
		<key>9F7C2E088327D0E2DC693EFB</key>
		<dict>
			<key>includeInIndex</key>
			<string>1</string>
			<key>isa</key>
			<string>PBXFileReference</string>
			<key>lastKnownFileType</key>
			<string>text.xcconfig</string>
			<key>name</key>
			<string>Pods-CookieCrunchTests.release.xcconfig</string>
			<key>path</key>
			<string>Pods/Target Support Files/Pods-CookieCrunchTests/Pods-CookieCrunchTests.release.xcconfig</string>
			<key>sourceTree</key>
			<string>&lt;group&gt;</string>
		</dict>
		<key>A3042EA95588BD24FDD2C9BC</key>
		<dict>
			<key>buildActionMask</key>
			<string>2147483647</string>
			<key>files</key>
			<array/>
			<key>inputPaths</key>
			<array/>
			<key>isa</key>
			<string>PBXShellScriptBuildPhase</string>
			<key>name</key>
			<string>Copy Pods Resources</string>
			<key>outputPaths</key>
			<array/>
			<key>runOnlyForDeploymentPostprocessing</key>
			<string>0</string>
			<key>shellPath</key>
			<string>/bin/sh</string>
			<key>shellScript</key>
			<string>"${SRCROOT}/Pods/Target Support Files/Pods-CookieCrunch/Pods-CookieCrunch-resources.sh"
</string>
			<key>showEnvVarsInLog</key>
			<string>0</string>
		</dict>
		<key>BE94332C5B1E637D52197C41</key>
		<dict>
			<key>includeInIndex</key>
			<string>1</string>
			<key>isa</key>
			<string>PBXFileReference</string>
			<key>lastKnownFileType</key>
			<string>text.xcconfig</string>
			<key>name</key>
			<string>Pods-CookieCrunch-cal.debug.xcconfig</string>
			<key>path</key>
			<string>Pods/Target Support Files/Pods-CookieCrunch-cal/Pods-CookieCrunch-cal.debug.xcconfig</string>
			<key>sourceTree</key>
			<string>&lt;group&gt;</string>
		</dict>
		<key>C0258F671A86C09C00878C99</key>
		<dict>
			<key>fileEncoding</key>
			<string>4</string>
			<key>isa</key>
			<string>PBXFileReference</string>
			<key>lastKnownFileType</key>
			<string>sourcecode.swift</string>
			<key>path</key>
			<string>Array2D.swift</string>
			<key>sourceTree</key>
			<string>&lt;group&gt;</string>
		</dict>
		<key>C0258F681A86C09C00878C99</key>
		<dict>
			<key>fileRef</key>
			<string>C0258F671A86C09C00878C99</string>
			<key>isa</key>
			<string>PBXBuildFile</string>
		</dict>
		<key>C0258F691A86C21600878C99</key>
		<dict>
			<key>fileEncoding</key>
			<string>4</string>
			<key>isa</key>
			<string>PBXFileReference</string>
			<key>lastKnownFileType</key>
			<string>sourcecode.swift</string>
			<key>path</key>
			<string>Set.swift</string>
			<key>sourceTree</key>
			<string>&lt;group&gt;</string>
		</dict>
		<key>C0258F6A1A86C21600878C99</key>
		<dict>
			<key>fileRef</key>
			<string>C0258F691A86C21600878C99</string>
			<key>isa</key>
			<string>PBXBuildFile</string>
		</dict>
		<key>C0258F6B1A86C2DF00878C99</key>
		<dict>
			<key>fileEncoding</key>
			<string>4</string>
			<key>isa</key>
			<string>PBXFileReference</string>
			<key>lastKnownFileType</key>
			<string>sourcecode.swift</string>
			<key>path</key>
			<string>Level.swift</string>
			<key>sourceTree</key>
			<string>&lt;group&gt;</string>
		</dict>
		<key>C0258F6C1A86C2DF00878C99</key>
		<dict>
			<key>fileRef</key>
			<string>C0258F6B1A86C2DF00878C99</string>
			<key>isa</key>
			<string>PBXBuildFile</string>
		</dict>
		<key>C0258F6D1A87035F00878C99</key>
		<dict>
			<key>children</key>
			<array>
				<string>C0258F6E1A87035F00878C99</string>
				<string>C0258F6F1A87035F00878C99</string>
				<string>C0258F701A87035F00878C99</string>
				<string>C0258F711A87035F00878C99</string>
				<string>C0258F721A87035F00878C99</string>
			</array>
			<key>isa</key>
			<string>PBXGroup</string>
			<key>path</key>
			<string>Levels</string>
			<key>sourceTree</key>
			<string>&lt;group&gt;</string>
		</dict>
		<key>C0258F6E1A87035F00878C99</key>
		<dict>
			<key>fileEncoding</key>
			<string>4</string>
			<key>isa</key>
			<string>PBXFileReference</string>
			<key>lastKnownFileType</key>
			<string>text.json</string>
			<key>path</key>
			<string>Level_0.json</string>
			<key>sourceTree</key>
			<string>&lt;group&gt;</string>
		</dict>
		<key>C0258F6F1A87035F00878C99</key>
		<dict>
			<key>fileEncoding</key>
			<string>4</string>
			<key>isa</key>
			<string>PBXFileReference</string>
			<key>lastKnownFileType</key>
			<string>text.json</string>
			<key>path</key>
			<string>Level_1.json</string>
			<key>sourceTree</key>
			<string>&lt;group&gt;</string>
		</dict>
		<key>C0258F701A87035F00878C99</key>
		<dict>
			<key>fileEncoding</key>
			<string>4</string>
			<key>isa</key>
			<string>PBXFileReference</string>
			<key>lastKnownFileType</key>
			<string>text.json</string>
			<key>path</key>
			<string>Level_2.json</string>
			<key>sourceTree</key>
			<string>&lt;group&gt;</string>
		</dict>
		<key>C0258F711A87035F00878C99</key>
		<dict>
			<key>fileEncoding</key>
			<string>4</string>
			<key>isa</key>
			<string>PBXFileReference</string>
			<key>lastKnownFileType</key>
			<string>text.json</string>
			<key>path</key>
			<string>Level_3.json</string>
			<key>sourceTree</key>
			<string>&lt;group&gt;</string>
		</dict>
		<key>C0258F721A87035F00878C99</key>
		<dict>
			<key>fileEncoding</key>
			<string>4</string>
			<key>isa</key>
			<string>PBXFileReference</string>
			<key>lastKnownFileType</key>
			<string>text.json</string>
			<key>path</key>
			<string>Level_4.json</string>
			<key>sourceTree</key>
			<string>&lt;group&gt;</string>
		</dict>
		<key>C0258F731A87035F00878C99</key>
		<dict>
			<key>fileRef</key>
			<string>C0258F6E1A87035F00878C99</string>
			<key>isa</key>
			<string>PBXBuildFile</string>
		</dict>
		<key>C0258F741A87035F00878C99</key>
		<dict>
			<key>fileRef</key>
			<string>C0258F6F1A87035F00878C99</string>
			<key>isa</key>
			<string>PBXBuildFile</string>
		</dict>
		<key>C0258F751A87035F00878C99</key>
		<dict>
			<key>fileRef</key>
			<string>C0258F701A87035F00878C99</string>
			<key>isa</key>
			<string>PBXBuildFile</string>
		</dict>
		<key>C0258F761A87035F00878C99</key>
		<dict>
			<key>fileRef</key>
			<string>C0258F711A87035F00878C99</string>
			<key>isa</key>
			<string>PBXBuildFile</string>
		</dict>
		<key>C0258F771A87035F00878C99</key>
		<dict>
			<key>fileRef</key>
			<string>C0258F721A87035F00878C99</string>
			<key>isa</key>
			<string>PBXBuildFile</string>
		</dict>
		<key>C0258F781A87038C00878C99</key>
		<dict>
			<key>fileEncoding</key>
			<string>4</string>
			<key>isa</key>
			<string>PBXFileReference</string>
			<key>lastKnownFileType</key>
			<string>sourcecode.swift</string>
			<key>name</key>
			<string>Tile.swift</string>
			<key>path</key>
			<string>Levels/Tile.swift</string>
			<key>sourceTree</key>
			<string>&lt;group&gt;</string>
		</dict>
		<key>C0258F791A87038C00878C99</key>
		<dict>
			<key>fileRef</key>
			<string>C0258F781A87038C00878C99</string>
			<key>isa</key>
			<string>PBXBuildFile</string>
		</dict>
		<key>C0258F7A1A8703EF00878C99</key>
		<dict>
			<key>fileEncoding</key>
			<string>4</string>
			<key>isa</key>
			<string>PBXFileReference</string>
			<key>lastKnownFileType</key>
			<string>sourcecode.swift</string>
			<key>path</key>
			<string>Extensions.swift</string>
			<key>sourceTree</key>
			<string>&lt;group&gt;</string>
		</dict>
		<key>C0258F7B1A8703EF00878C99</key>
		<dict>
			<key>fileRef</key>
			<string>C0258F7A1A8703EF00878C99</string>
			<key>isa</key>
			<string>PBXBuildFile</string>
		</dict>
		<key>C0258F7C1A87124F00878C99</key>
		<dict>
			<key>fileEncoding</key>
			<string>4</string>
			<key>isa</key>
			<string>PBXFileReference</string>
			<key>lastKnownFileType</key>
			<string>sourcecode.swift</string>
			<key>path</key>
			<string>GameSceneSpec.swift</string>
			<key>sourceTree</key>
			<string>&lt;group&gt;</string>
		</dict>
		<key>C0258F7D1A87124F00878C99</key>
		<dict>
			<key>fileRef</key>
			<string>C0258F7C1A87124F00878C99</string>
			<key>isa</key>
			<string>PBXBuildFile</string>
		</dict>
		<key>C0258F7E1A8712A200878C99</key>
		<dict>
			<key>fileRef</key>
			<string>C071339D1A85C0C5008B8DC8</string>
			<key>isa</key>
			<string>PBXBuildFile</string>
		</dict>
		<key>C0258F7F1A87132800878C99</key>
		<dict>
			<key>fileRef</key>
			<string>C0258F6B1A86C2DF00878C99</string>
			<key>isa</key>
			<string>PBXBuildFile</string>
		</dict>
		<key>C0258F801A87132B00878C99</key>
		<dict>
			<key>fileRef</key>
			<string>C0258F691A86C21600878C99</string>
			<key>isa</key>
			<string>PBXBuildFile</string>
		</dict>
		<key>C0258F811A87133600878C99</key>
		<dict>
			<key>fileRef</key>
			<string>C0258F671A86C09C00878C99</string>
			<key>isa</key>
			<string>PBXBuildFile</string>
		</dict>
		<key>C0258F821A87134900878C99</key>
		<dict>
			<key>fileRef</key>
			<string>C0258F781A87038C00878C99</string>
			<key>isa</key>
			<string>PBXBuildFile</string>
		</dict>
		<key>C0258F831A87135500878C99</key>
		<dict>
			<key>fileRef</key>
			<string>C0258F7A1A8703EF00878C99</string>
			<key>isa</key>
			<string>PBXBuildFile</string>
		</dict>
		<key>C0258F841A87172200878C99</key>
		<dict>
			<key>fileEncoding</key>
			<string>4</string>
			<key>isa</key>
			<string>PBXFileReference</string>
			<key>lastKnownFileType</key>
			<string>sourcecode.swift</string>
			<key>path</key>
			<string>Swap.swift</string>
			<key>sourceTree</key>
			<string>&lt;group&gt;</string>
		</dict>
		<key>C0258F851A87172200878C99</key>
		<dict>
			<key>fileRef</key>
			<string>C0258F841A87172200878C99</string>
			<key>isa</key>
			<string>PBXBuildFile</string>
		</dict>
		<key>C0258F861A8717ED00878C99</key>
		<dict>
			<key>fileRef</key>
			<string>C0258F841A87172200878C99</string>
			<key>isa</key>
			<string>PBXBuildFile</string>
		</dict>
		<key>C071338B1A85C0C5008B8DC8</key>
		<dict>
			<key>children</key>
			<array>
				<string>C07133961A85C0C5008B8DC8</string>
				<string>C07133B01A85C0C5008B8DC8</string>
				<string>2C43D0B20E0C1AB68C2AFB7F</string>
				<string>F46817C06B68ECD940F9AEBE</string>
				<string>C07133951A85C0C5008B8DC8</string>
				<string>C0F459B71A8821AA0019EDD3</string>
			</array>
			<key>isa</key>
			<string>PBXGroup</string>
			<key>sourceTree</key>
			<string>&lt;group&gt;</string>
		</dict>
		<key>C071338C1A85C0C5008B8DC8</key>
		<dict>
			<key>attributes</key>
			<dict>
				<key>LastUpgradeCheck</key>
				<string>0610</string>
				<key>ORGANIZATIONNAME</key>
				<string>Remington Davenport</string>
				<key>TargetAttributes</key>
				<dict>
					<key>C07133931A85C0C5008B8DC8</key>
					<dict>
						<key>CreatedOnToolsVersion</key>
						<string>6.1.1</string>
					</dict>
					<key>C07133AC1A85C0C5008B8DC8</key>
					<dict>
						<key>CreatedOnToolsVersion</key>
						<string>6.1.1</string>
						<key>TestTargetID</key>
						<string>C07133931A85C0C5008B8DC8</string>
					</dict>
				</dict>
			</dict>
			<key>buildConfigurationList</key>
			<string>C071338F1A85C0C5008B8DC8</string>
			<key>compatibilityVersion</key>
			<string>Xcode 3.2</string>
			<key>developmentRegion</key>
			<string>English</string>
			<key>hasScannedForEncodings</key>
			<string>0</string>
			<key>isa</key>
			<string>PBXProject</string>
			<key>knownRegions</key>
			<array>
				<string>en</string>
				<string>Base</string>
			</array>
			<key>mainGroup</key>
			<string>C071338B1A85C0C5008B8DC8</string>
			<key>productRefGroup</key>
			<string>C07133951A85C0C5008B8DC8</string>
			<key>projectDirPath</key>
			<string></string>
			<key>projectReferences</key>
			<array/>
			<key>projectRoot</key>
			<string></string>
			<key>targets</key>
			<array>
				<string>C07133931A85C0C5008B8DC8</string>
				<string>C0F459991A8821AA0019EDD3</string>
				<string>C07133AC1A85C0C5008B8DC8</string>
			</array>
		</dict>
		<key>C071338F1A85C0C5008B8DC8</key>
		<dict>
			<key>buildConfigurations</key>
			<array>
				<string>C07133B51A85C0C5008B8DC8</string>
				<string>C07133B61A85C0C5008B8DC8</string>
			</array>
			<key>defaultConfigurationIsVisible</key>
			<string>0</string>
			<key>defaultConfigurationName</key>
			<string>Release</string>
			<key>isa</key>
			<string>XCConfigurationList</string>
		</dict>
		<key>C07133901A85C0C5008B8DC8</key>
		<dict>
			<key>buildActionMask</key>
			<string>2147483647</string>
			<key>files</key>
			<array>
				<string>C071339E1A85C0C5008B8DC8</string>
				<string>C0258F7B1A8703EF00878C99</string>
				<string>C0258F6C1A86C2DF00878C99</string>
				<string>C0FF6C0F1A86B6F5001099C3</string>
				<string>C0258F851A87172200878C99</string>
				<string>C0258F791A87038C00878C99</string>
				<string>C0258F6A1A86C21600878C99</string>
				<string>C07133A01A85C0C5008B8DC8</string>
				<string>C071339A1A85C0C5008B8DC8</string>
				<string>C0258F681A86C09C00878C99</string>
			</array>
			<key>isa</key>
			<string>PBXSourcesBuildPhase</string>
			<key>runOnlyForDeploymentPostprocessing</key>
			<string>0</string>
		</dict>
		<key>C07133911A85C0C5008B8DC8</key>
		<dict>
			<key>buildActionMask</key>
			<string>2147483647</string>
			<key>files</key>
			<array>
				<string>81E5FF5FEDF5B6FB570D4A80</string>
			</array>
			<key>isa</key>
			<string>PBXFrameworksBuildPhase</string>
			<key>runOnlyForDeploymentPostprocessing</key>
			<string>0</string>
		</dict>
		<key>C07133921A85C0C5008B8DC8</key>
		<dict>
			<key>buildActionMask</key>
			<string>2147483647</string>
			<key>files</key>
			<array>
				<string>C07133A81A85C0C5008B8DC8</string>
				<string>C0258F771A87035F00878C99</string>
				<string>C0258F751A87035F00878C99</string>
				<string>C0258F731A87035F00878C99</string>
				<string>C07133A51A85C0C5008B8DC8</string>
				<string>C07133A31A85C0C5008B8DC8</string>
				<string>C0258F741A87035F00878C99</string>
				<string>C0258F761A87035F00878C99</string>
				<string>C0FF6C0D1A86B659001099C3</string>
			</array>
			<key>isa</key>
			<string>PBXResourcesBuildPhase</string>
			<key>runOnlyForDeploymentPostprocessing</key>
			<string>0</string>
		</dict>
		<key>C07133931A85C0C5008B8DC8</key>
		<dict>
			<key>buildConfigurationList</key>
			<string>C07133B71A85C0C5008B8DC8</string>
			<key>buildPhases</key>
			<array>
				<string>C43709CE0715A91FB1F2AB8D</string>
				<string>C07133901A85C0C5008B8DC8</string>
				<string>C07133911A85C0C5008B8DC8</string>
				<string>C07133921A85C0C5008B8DC8</string>
				<string>A3042EA95588BD24FDD2C9BC</string>
			</array>
			<key>buildRules</key>
			<array/>
			<key>dependencies</key>
			<array/>
			<key>isa</key>
			<string>PBXNativeTarget</string>
			<key>name</key>
			<string>CookieCrunch</string>
			<key>productName</key>
			<string>CookieCrunch</string>
			<key>productReference</key>
			<string>C07133941A85C0C5008B8DC8</string>
			<key>productType</key>
			<string>com.apple.product-type.application</string>
		</dict>
		<key>C07133941A85C0C5008B8DC8</key>
		<dict>
			<key>explicitFileType</key>
			<string>wrapper.application</string>
			<key>includeInIndex</key>
			<string>0</string>
			<key>isa</key>
			<string>PBXFileReference</string>
			<key>path</key>
			<string>CookieCrunch.app</string>
			<key>sourceTree</key>
			<string>BUILT_PRODUCTS_DIR</string>
		</dict>
		<key>C07133951A85C0C5008B8DC8</key>
		<dict>
			<key>children</key>
			<array>
				<string>C07133941A85C0C5008B8DC8</string>
				<string>C07133AD1A85C0C5008B8DC8</string>
				<string>C0F459B61A8821AA0019EDD3</string>
			</array>
			<key>isa</key>
			<string>PBXGroup</string>
			<key>name</key>
			<string>Products</string>
			<key>sourceTree</key>
			<string>&lt;group&gt;</string>
		</dict>
		<key>C07133961A85C0C5008B8DC8</key>
		<dict>
			<key>children</key>
			<array>
				<string>C07133991A85C0C5008B8DC8</string>
				<string>C0258F671A86C09C00878C99</string>
				<string>C0FF6C0E1A86B6F5001099C3</string>
				<string>C071339D1A85C0C5008B8DC8</string>
				<string>C071339F1A85C0C5008B8DC8</string>
				<string>C07133A41A85C0C5008B8DC8</string>
				<string>C07133A61A85C0C5008B8DC8</string>
				<string>C0258F6B1A86C2DF00878C99</string>
				<string>C0258F7A1A8703EF00878C99</string>
				<string>C0258F781A87038C00878C99</string>
				<string>C0258F6D1A87035F00878C99</string>
				<string>C07133A11A85C0C5008B8DC8</string>
				<string>C0258F691A86C21600878C99</string>
				<string>C0FF6C0C1A86B659001099C3</string>
				<string>C07133971A85C0C5008B8DC8</string>
				<string>C0258F841A87172200878C99</string>
			</array>
			<key>isa</key>
			<string>PBXGroup</string>
			<key>path</key>
			<string>CookieCrunch</string>
			<key>sourceTree</key>
			<string>&lt;group&gt;</string>
		</dict>
		<key>C07133971A85C0C5008B8DC8</key>
		<dict>
			<key>children</key>
			<array>
				<string>C07133981A85C0C5008B8DC8</string>
			</array>
			<key>isa</key>
			<string>PBXGroup</string>
			<key>name</key>
			<string>Supporting Files</string>
			<key>sourceTree</key>
			<string>&lt;group&gt;</string>
		</dict>
		<key>C07133981A85C0C5008B8DC8</key>
		<dict>
			<key>isa</key>
			<string>PBXFileReference</string>
			<key>lastKnownFileType</key>
			<string>text.plist.xml</string>
			<key>path</key>
			<string>Info.plist</string>
			<key>sourceTree</key>
			<string>&lt;group&gt;</string>
		</dict>
		<key>C07133991A85C0C5008B8DC8</key>
		<dict>
			<key>isa</key>
			<string>PBXFileReference</string>
			<key>lastKnownFileType</key>
			<string>sourcecode.swift</string>
			<key>path</key>
			<string>AppDelegate.swift</string>
			<key>sourceTree</key>
			<string>&lt;group&gt;</string>
		</dict>
		<key>C071339A1A85C0C5008B8DC8</key>
		<dict>
			<key>fileRef</key>
			<string>C07133991A85C0C5008B8DC8</string>
			<key>isa</key>
			<string>PBXBuildFile</string>
		</dict>
		<key>C071339D1A85C0C5008B8DC8</key>
		<dict>
			<key>isa</key>
			<string>PBXFileReference</string>
			<key>lastKnownFileType</key>
			<string>sourcecode.swift</string>
			<key>path</key>
			<string>GameScene.swift</string>
			<key>sourceTree</key>
			<string>&lt;group&gt;</string>
		</dict>
		<key>C071339E1A85C0C5008B8DC8</key>
		<dict>
			<key>fileRef</key>
			<string>C071339D1A85C0C5008B8DC8</string>
			<key>isa</key>
			<string>PBXBuildFile</string>
		</dict>
		<key>C071339F1A85C0C5008B8DC8</key>
		<dict>
			<key>isa</key>
			<string>PBXFileReference</string>
			<key>lastKnownFileType</key>
			<string>sourcecode.swift</string>
			<key>path</key>
			<string>GameViewController.swift</string>
			<key>sourceTree</key>
			<string>&lt;group&gt;</string>
		</dict>
		<key>C07133A01A85C0C5008B8DC8</key>
		<dict>
			<key>fileRef</key>
			<string>C071339F1A85C0C5008B8DC8</string>
			<key>isa</key>
			<string>PBXBuildFile</string>
		</dict>
		<key>C07133A11A85C0C5008B8DC8</key>
		<dict>
			<key>children</key>
			<array>
				<string>C07133A21A85C0C5008B8DC8</string>
			</array>
			<key>isa</key>
			<string>PBXVariantGroup</string>
			<key>name</key>
			<string>Main.storyboard</string>
			<key>sourceTree</key>
			<string>&lt;group&gt;</string>
		</dict>
		<key>C07133A21A85C0C5008B8DC8</key>
		<dict>
			<key>isa</key>
			<string>PBXFileReference</string>
			<key>lastKnownFileType</key>
			<string>file.storyboard</string>
			<key>name</key>
			<string>Base</string>
			<key>path</key>
			<string>Base.lproj/Main.storyboard</string>
			<key>sourceTree</key>
			<string>&lt;group&gt;</string>
		</dict>
		<key>C07133A31A85C0C5008B8DC8</key>
		<dict>
			<key>fileRef</key>
			<string>C07133A11A85C0C5008B8DC8</string>
			<key>isa</key>
			<string>PBXBuildFile</string>
		</dict>
		<key>C07133A41A85C0C5008B8DC8</key>
		<dict>
			<key>isa</key>
			<string>PBXFileReference</string>
			<key>lastKnownFileType</key>
			<string>folder.assetcatalog</string>
			<key>path</key>
			<string>Images.xcassets</string>
			<key>sourceTree</key>
			<string>&lt;group&gt;</string>
		</dict>
		<key>C07133A51A85C0C5008B8DC8</key>
		<dict>
			<key>fileRef</key>
			<string>C07133A41A85C0C5008B8DC8</string>
			<key>isa</key>
			<string>PBXBuildFile</string>
		</dict>
		<key>C07133A61A85C0C5008B8DC8</key>
		<dict>
			<key>children</key>
			<array>
				<string>C07133A71A85C0C5008B8DC8</string>
			</array>
			<key>isa</key>
			<string>PBXVariantGroup</string>
			<key>name</key>
			<string>LaunchScreen.xib</string>
			<key>sourceTree</key>
			<string>&lt;group&gt;</string>
		</dict>
		<key>C07133A71A85C0C5008B8DC8</key>
		<dict>
			<key>isa</key>
			<string>PBXFileReference</string>
			<key>lastKnownFileType</key>
			<string>file.xib</string>
			<key>name</key>
			<string>Base</string>
			<key>path</key>
			<string>Base.lproj/LaunchScreen.xib</string>
			<key>sourceTree</key>
			<string>&lt;group&gt;</string>
		</dict>
		<key>C07133A81A85C0C5008B8DC8</key>
		<dict>
			<key>fileRef</key>
			<string>C07133A61A85C0C5008B8DC8</string>
			<key>isa</key>
			<string>PBXBuildFile</string>
		</dict>
		<key>C07133A91A85C0C5008B8DC8</key>
		<dict>
			<key>buildActionMask</key>
			<string>2147483647</string>
			<key>files</key>
			<array>
				<string>C0258F811A87133600878C99</string>
				<string>C0258F831A87135500878C99</string>
				<string>C07133B41A85C0C5008B8DC8</string>
				<string>C0FF6C101A86BA92001099C3</string>
				<string>C0258F861A8717ED00878C99</string>
				<string>C0258F821A87134900878C99</string>
				<string>C0258F801A87132B00878C99</string>
				<string>C0258F7E1A8712A200878C99</string>
				<string>C0258F7F1A87132800878C99</string>
				<string>C0258F7D1A87124F00878C99</string>
			</array>
			<key>isa</key>
			<string>PBXSourcesBuildPhase</string>
			<key>runOnlyForDeploymentPostprocessing</key>
			<string>0</string>
		</dict>
		<key>C07133AA1A85C0C5008B8DC8</key>
		<dict>
			<key>buildActionMask</key>
			<string>2147483647</string>
			<key>files</key>
			<array>
				<string>91B959500E23830BBDE15CFA</string>
			</array>
			<key>isa</key>
			<string>PBXFrameworksBuildPhase</string>
			<key>runOnlyForDeploymentPostprocessing</key>
			<string>0</string>
		</dict>
		<key>C07133AB1A85C0C5008B8DC8</key>
		<dict>
			<key>buildActionMask</key>
			<string>2147483647</string>
			<key>files</key>
			<array/>
			<key>isa</key>
			<string>PBXResourcesBuildPhase</string>
			<key>runOnlyForDeploymentPostprocessing</key>
			<string>0</string>
		</dict>
		<key>C07133AC1A85C0C5008B8DC8</key>
		<dict>
			<key>buildConfigurationList</key>
			<string>C07133BA1A85C0C5008B8DC8</string>
			<key>buildPhases</key>
			<array>
				<string>9E37638A228C8B5A55DFC7BE</string>
				<string>C07133A91A85C0C5008B8DC8</string>
				<string>C07133AA1A85C0C5008B8DC8</string>
				<string>C07133AB1A85C0C5008B8DC8</string>
				<string>38C040ACD4AE7387F5A8E1C1</string>
				<string>9AAA02B181A161C717632D2E</string>
			</array>
			<key>buildRules</key>
			<array/>
			<key>dependencies</key>
			<array>
				<string>C07133AF1A85C0C5008B8DC8</string>
			</array>
			<key>isa</key>
			<string>PBXNativeTarget</string>
			<key>name</key>
			<string>CookieCrunchTests</string>
			<key>productName</key>
			<string>CookieCrunchTests</string>
			<key>productReference</key>
			<string>C07133AD1A85C0C5008B8DC8</string>
			<key>productType</key>
			<string>com.apple.product-type.bundle.unit-test</string>
		</dict>
		<key>C07133AD1A85C0C5008B8DC8</key>
		<dict>
			<key>explicitFileType</key>
			<string>wrapper.cfbundle</string>
			<key>includeInIndex</key>
			<string>0</string>
			<key>isa</key>
			<string>PBXFileReference</string>
			<key>path</key>
			<string>CookieCrunchTests.xctest</string>
			<key>sourceTree</key>
			<string>BUILT_PRODUCTS_DIR</string>
		</dict>
		<key>C07133AE1A85C0C5008B8DC8</key>
		<dict>
			<key>containerPortal</key>
			<string>C071338C1A85C0C5008B8DC8</string>
			<key>isa</key>
			<string>PBXContainerItemProxy</string>
			<key>proxyType</key>
			<string>1</string>
			<key>remoteGlobalIDString</key>
			<string>C07133931A85C0C5008B8DC8</string>
			<key>remoteInfo</key>
			<string>CookieCrunch</string>
		</dict>
		<key>C07133AF1A85C0C5008B8DC8</key>
		<dict>
			<key>isa</key>
			<string>PBXTargetDependency</string>
			<key>target</key>
			<string>C07133931A85C0C5008B8DC8</string>
			<key>targetProxy</key>
			<string>C07133AE1A85C0C5008B8DC8</string>
		</dict>
		<key>C07133B01A85C0C5008B8DC8</key>
		<dict>
			<key>children</key>
			<array>
				<string>C07133B31A85C0C5008B8DC8</string>
				<string>C07133B11A85C0C5008B8DC8</string>
				<string>C0258F7C1A87124F00878C99</string>
			</array>
			<key>isa</key>
			<string>PBXGroup</string>
			<key>path</key>
			<string>CookieCrunchTests</string>
			<key>sourceTree</key>
			<string>&lt;group&gt;</string>
		</dict>
		<key>C07133B11A85C0C5008B8DC8</key>
		<dict>
			<key>children</key>
			<array>
				<string>C07133B21A85C0C5008B8DC8</string>
			</array>
			<key>isa</key>
			<string>PBXGroup</string>
			<key>name</key>
			<string>Supporting Files</string>
			<key>sourceTree</key>
			<string>&lt;group&gt;</string>
		</dict>
		<key>C07133B21A85C0C5008B8DC8</key>
		<dict>
			<key>isa</key>
			<string>PBXFileReference</string>
			<key>lastKnownFileType</key>
			<string>text.plist.xml</string>
			<key>path</key>
			<string>Info.plist</string>
			<key>sourceTree</key>
			<string>&lt;group&gt;</string>
		</dict>
		<key>C07133B31A85C0C5008B8DC8</key>
		<dict>
			<key>isa</key>
			<string>PBXFileReference</string>
			<key>lastKnownFileType</key>
			<string>sourcecode.swift</string>
			<key>path</key>
			<string>CookieSpec.swift</string>
			<key>sourceTree</key>
			<string>&lt;group&gt;</string>
		</dict>
		<key>C07133B41A85C0C5008B8DC8</key>
		<dict>
			<key>fileRef</key>
			<string>C07133B31A85C0C5008B8DC8</string>
			<key>isa</key>
			<string>PBXBuildFile</string>
		</dict>
		<key>C07133B51A85C0C5008B8DC8</key>
		<dict>
			<key>buildSettings</key>
			<dict>
				<key>ALWAYS_SEARCH_USER_PATHS</key>
				<string>NO</string>
				<key>CLANG_CXX_LANGUAGE_STANDARD</key>
				<string>gnu++0x</string>
				<key>CLANG_CXX_LIBRARY</key>
				<string>libc++</string>
				<key>CLANG_ENABLE_MODULES</key>
				<string>YES</string>
				<key>CLANG_ENABLE_OBJC_ARC</key>
				<string>YES</string>
				<key>CLANG_WARN_BOOL_CONVERSION</key>
				<string>YES</string>
				<key>CLANG_WARN_CONSTANT_CONVERSION</key>
				<string>YES</string>
				<key>CLANG_WARN_DIRECT_OBJC_ISA_USAGE</key>
				<string>YES_ERROR</string>
				<key>CLANG_WARN_EMPTY_BODY</key>
				<string>YES</string>
				<key>CLANG_WARN_ENUM_CONVERSION</key>
				<string>YES</string>
				<key>CLANG_WARN_INT_CONVERSION</key>
				<string>YES</string>
				<key>CLANG_WARN_OBJC_ROOT_CLASS</key>
				<string>YES_ERROR</string>
				<key>CLANG_WARN_UNREACHABLE_CODE</key>
				<string>YES</string>
				<key>CLANG_WARN__DUPLICATE_METHOD_MATCH</key>
				<string>YES</string>
				<key>CODE_SIGN_IDENTITY[sdk=iphoneos*]</key>
				<string>iPhone Developer</string>
				<key>COPY_PHASE_STRIP</key>
				<string>NO</string>
				<key>ENABLE_STRICT_OBJC_MSGSEND</key>
				<string>YES</string>
				<key>GCC_C_LANGUAGE_STANDARD</key>
				<string>gnu99</string>
				<key>GCC_DYNAMIC_NO_PIC</key>
				<string>NO</string>
				<key>GCC_OPTIMIZATION_LEVEL</key>
				<string>0</string>
				<key>GCC_PREPROCESSOR_DEFINITIONS</key>
				<array>
					<string>DEBUG=1</string>
					<string>$(inherited)</string>
				</array>
				<key>GCC_SYMBOLS_PRIVATE_EXTERN</key>
				<string>NO</string>
				<key>GCC_WARN_64_TO_32_BIT_CONVERSION</key>
				<string>YES</string>
				<key>GCC_WARN_ABOUT_RETURN_TYPE</key>
				<string>YES_ERROR</string>
				<key>GCC_WARN_UNDECLARED_SELECTOR</key>
				<string>YES</string>
				<key>GCC_WARN_UNINITIALIZED_AUTOS</key>
				<string>YES_AGGRESSIVE</string>
				<key>GCC_WARN_UNUSED_FUNCTION</key>
				<string>YES</string>
				<key>GCC_WARN_UNUSED_VARIABLE</key>
				<string>YES</string>
				<key>IPHONEOS_DEPLOYMENT_TARGET</key>
				<string>8.1</string>
				<key>MTL_ENABLE_DEBUG_INFO</key>
				<string>YES</string>
				<key>ONLY_ACTIVE_ARCH</key>
				<string>YES</string>
				<key>SDKROOT</key>
				<string>iphoneos</string>
				<key>SWIFT_OPTIMIZATION_LEVEL</key>
				<string>-Onone</string>
			</dict>
			<key>isa</key>
			<string>XCBuildConfiguration</string>
			<key>name</key>
			<string>Debug</string>
		</dict>
		<key>C07133B61A85C0C5008B8DC8</key>
		<dict>
			<key>buildSettings</key>
			<dict>
				<key>ALWAYS_SEARCH_USER_PATHS</key>
				<string>NO</string>
				<key>CLANG_CXX_LANGUAGE_STANDARD</key>
				<string>gnu++0x</string>
				<key>CLANG_CXX_LIBRARY</key>
				<string>libc++</string>
				<key>CLANG_ENABLE_MODULES</key>
				<string>YES</string>
				<key>CLANG_ENABLE_OBJC_ARC</key>
				<string>YES</string>
				<key>CLANG_WARN_BOOL_CONVERSION</key>
				<string>YES</string>
				<key>CLANG_WARN_CONSTANT_CONVERSION</key>
				<string>YES</string>
				<key>CLANG_WARN_DIRECT_OBJC_ISA_USAGE</key>
				<string>YES_ERROR</string>
				<key>CLANG_WARN_EMPTY_BODY</key>
				<string>YES</string>
				<key>CLANG_WARN_ENUM_CONVERSION</key>
				<string>YES</string>
				<key>CLANG_WARN_INT_CONVERSION</key>
				<string>YES</string>
				<key>CLANG_WARN_OBJC_ROOT_CLASS</key>
				<string>YES_ERROR</string>
				<key>CLANG_WARN_UNREACHABLE_CODE</key>
				<string>YES</string>
				<key>CLANG_WARN__DUPLICATE_METHOD_MATCH</key>
				<string>YES</string>
				<key>CODE_SIGN_IDENTITY[sdk=iphoneos*]</key>
				<string>iPhone Developer</string>
				<key>COPY_PHASE_STRIP</key>
				<string>YES</string>
				<key>ENABLE_NS_ASSERTIONS</key>
				<string>NO</string>
				<key>ENABLE_STRICT_OBJC_MSGSEND</key>
				<string>YES</string>
				<key>GCC_C_LANGUAGE_STANDARD</key>
				<string>gnu99</string>
				<key>GCC_WARN_64_TO_32_BIT_CONVERSION</key>
				<string>YES</string>
				<key>GCC_WARN_ABOUT_RETURN_TYPE</key>
				<string>YES_ERROR</string>
				<key>GCC_WARN_UNDECLARED_SELECTOR</key>
				<string>YES</string>
				<key>GCC_WARN_UNINITIALIZED_AUTOS</key>
				<string>YES_AGGRESSIVE</string>
				<key>GCC_WARN_UNUSED_FUNCTION</key>
				<string>YES</string>
				<key>GCC_WARN_UNUSED_VARIABLE</key>
				<string>YES</string>
				<key>IPHONEOS_DEPLOYMENT_TARGET</key>
				<string>8.1</string>
				<key>MTL_ENABLE_DEBUG_INFO</key>
				<string>NO</string>
				<key>SDKROOT</key>
				<string>iphoneos</string>
				<key>VALIDATE_PRODUCT</key>
				<string>YES</string>
			</dict>
			<key>isa</key>
			<string>XCBuildConfiguration</string>
			<key>name</key>
			<string>Release</string>
		</dict>
		<key>C07133B71A85C0C5008B8DC8</key>
		<dict>
			<key>buildConfigurations</key>
			<array>
				<string>C07133B81A85C0C5008B8DC8</string>
				<string>C07133B91A85C0C5008B8DC8</string>
			</array>
			<key>defaultConfigurationIsVisible</key>
			<string>0</string>
			<key>defaultConfigurationName</key>
			<string>Release</string>
			<key>isa</key>
			<string>XCConfigurationList</string>
		</dict>
		<key>C07133B81A85C0C5008B8DC8</key>
		<dict>
			<key>baseConfigurationReference</key>
			<string>FE02A5BB0F3146EDF04767EA</string>
			<key>buildSettings</key>
			<dict>
				<key>ASSETCATALOG_COMPILER_APPICON_NAME</key>
				<string>AppIcon</string>
				<key>INFOPLIST_FILE</key>
				<string>CookieCrunch/Info.plist</string>
				<key>LD_RUNPATH_SEARCH_PATHS</key>
				<string>$(inherited) @executable_path/Frameworks</string>
				<key>PRODUCT_NAME</key>
				<string>$(TARGET_NAME)</string>
			</dict>
			<key>isa</key>
			<string>XCBuildConfiguration</string>
			<key>name</key>
			<string>Debug</string>
		</dict>
		<key>C07133B91A85C0C5008B8DC8</key>
		<dict>
			<key>baseConfigurationReference</key>
			<string>42114F6B4FBF61A3A3C38B69</string>
			<key>buildSettings</key>
			<dict>
				<key>ASSETCATALOG_COMPILER_APPICON_NAME</key>
				<string>AppIcon</string>
				<key>INFOPLIST_FILE</key>
				<string>CookieCrunch/Info.plist</string>
				<key>LD_RUNPATH_SEARCH_PATHS</key>
				<string>$(inherited) @executable_path/Frameworks</string>
				<key>PRODUCT_NAME</key>
				<string>$(TARGET_NAME)</string>
			</dict>
			<key>isa</key>
			<string>XCBuildConfiguration</string>
			<key>name</key>
			<string>Release</string>
		</dict>
		<key>C07133BA1A85C0C5008B8DC8</key>
		<dict>
			<key>buildConfigurations</key>
			<array>
				<string>C07133BB1A85C0C5008B8DC8</string>
				<string>C07133BC1A85C0C5008B8DC8</string>
			</array>
			<key>defaultConfigurationIsVisible</key>
			<string>0</string>
			<key>defaultConfigurationName</key>
			<string>Release</string>
			<key>isa</key>
			<string>XCConfigurationList</string>
		</dict>
		<key>C07133BB1A85C0C5008B8DC8</key>
		<dict>
			<key>baseConfigurationReference</key>
			<string>217B308C28D844E7B8BB6760</string>
			<key>buildSettings</key>
			<dict>
				<key>BUNDLE_LOADER</key>
				<string>$(TEST_HOST)</string>
				<key>FRAMEWORK_SEARCH_PATHS</key>
				<array>
					<string>$(SDKROOT)/Developer/Library/Frameworks</string>
					<string>$(inherited)</string>
				</array>
				<key>GCC_PREPROCESSOR_DEFINITIONS</key>
				<array>
					<string>DEBUG=1</string>
					<string>$(inherited)</string>
				</array>
				<key>INFOPLIST_FILE</key>
				<string>CookieCrunchTests/Info.plist</string>
				<key>LD_RUNPATH_SEARCH_PATHS</key>
				<string>$(inherited) @executable_path/Frameworks @loader_path/Frameworks</string>
				<key>PRODUCT_NAME</key>
				<string>$(TARGET_NAME)</string>
				<key>TEST_HOST</key>
				<string>$(BUILT_PRODUCTS_DIR)/CookieCrunch.app/CookieCrunch</string>
			</dict>
			<key>isa</key>
			<string>XCBuildConfiguration</string>
			<key>name</key>
			<string>Debug</string>
		</dict>
		<key>C07133BC1A85C0C5008B8DC8</key>
		<dict>
			<key>baseConfigurationReference</key>
			<string>9F7C2E088327D0E2DC693EFB</string>
			<key>buildSettings</key>
			<dict>
				<key>BUNDLE_LOADER</key>
				<string>$(TEST_HOST)</string>
				<key>FRAMEWORK_SEARCH_PATHS</key>
				<array>
					<string>$(SDKROOT)/Developer/Library/Frameworks</string>
					<string>$(inherited)</string>
				</array>
				<key>INFOPLIST_FILE</key>
				<string>CookieCrunchTests/Info.plist</string>
				<key>LD_RUNPATH_SEARCH_PATHS</key>
				<string>$(inherited) @executable_path/Frameworks @loader_path/Frameworks</string>
				<key>PRODUCT_NAME</key>
				<string>$(TARGET_NAME)</string>
				<key>TEST_HOST</key>
				<string>$(BUILT_PRODUCTS_DIR)/CookieCrunch.app/CookieCrunch</string>
			</dict>
			<key>isa</key>
			<string>XCBuildConfiguration</string>
			<key>name</key>
			<string>Release</string>
		</dict>
		<key>C0F459991A8821AA0019EDD3</key>
		<dict>
			<key>buildConfigurationList</key>
			<string>C0F459B31A8821AA0019EDD3</string>
			<key>buildPhases</key>
			<array>
				<string>C0F4599A1A8821AA0019EDD3</string>
				<string>C0F4599B1A8821AA0019EDD3</string>
				<string>C0F459A61A8821AA0019EDD3</string>
				<string>C0F459A81A8821AA0019EDD3</string>
				<string>C0F459B21A8821AA0019EDD3</string>
			</array>
			<key>buildRules</key>
			<array/>
			<key>dependencies</key>
			<array/>
			<key>isa</key>
			<string>PBXNativeTarget</string>
			<key>name</key>
			<string>CookieCrunch-cal</string>
			<key>productName</key>
			<string>CookieCrunch</string>
			<key>productReference</key>
			<string>C0F459B61A8821AA0019EDD3</string>
			<key>productType</key>
			<string>com.apple.product-type.application</string>
		</dict>
		<key>C0F4599A1A8821AA0019EDD3</key>
		<dict>
			<key>buildActionMask</key>
			<string>2147483647</string>
			<key>files</key>
			<array/>
			<key>inputPaths</key>
			<array/>
			<key>isa</key>
			<string>PBXShellScriptBuildPhase</string>
			<key>name</key>
			<string>Check Pods Manifest.lock</string>
			<key>outputPaths</key>
			<array/>
			<key>runOnlyForDeploymentPostprocessing</key>
			<string>0</string>
			<key>shellPath</key>
			<string>/bin/sh</string>
			<key>shellScript</key>
			<string>diff "${PODS_ROOT}/../Podfile.lock" "${PODS_ROOT}/Manifest.lock" &gt; /dev/null
if [[ $? != 0 ]] ; then
    cat &lt;&lt; EOM
error: The sandbox is not in sync with the Podfile.lock. Run 'pod install' or update your CocoaPods installation.
EOM
    exit 1
fi
</string>
			<key>showEnvVarsInLog</key>
			<string>0</string>
		</dict>
		<key>C0F4599B1A8821AA0019EDD3</key>
		<dict>
			<key>buildActionMask</key>
			<string>2147483647</string>
			<key>files</key>
			<array>
				<string>C0F4599C1A8821AA0019EDD3</string>
				<string>C0F4599D1A8821AA0019EDD3</string>
				<string>C0F4599E1A8821AA0019EDD3</string>
				<string>C0F4599F1A8821AA0019EDD3</string>
				<string>C0F459A01A8821AA0019EDD3</string>
				<string>C0F459A11A8821AA0019EDD3</string>
				<string>C0F459A21A8821AA0019EDD3</string>
				<string>C0F459A31A8821AA0019EDD3</string>
				<string>C0F459A41A8821AA0019EDD3</string>
				<string>C0F459A51A8821AA0019EDD3</string>
			</array>
			<key>isa</key>
			<string>PBXSourcesBuildPhase</string>
			<key>runOnlyForDeploymentPostprocessing</key>
			<string>0</string>
		</dict>
		<key>C0F4599C1A8821AA0019EDD3</key>
		<dict>
			<key>fileRef</key>
			<string>C071339D1A85C0C5008B8DC8</string>
			<key>isa</key>
			<string>PBXBuildFile</string>
		</dict>
		<key>C0F4599D1A8821AA0019EDD3</key>
		<dict>
			<key>fileRef</key>
			<string>C0258F7A1A8703EF00878C99</string>
			<key>isa</key>
			<string>PBXBuildFile</string>
		</dict>
		<key>C0F4599E1A8821AA0019EDD3</key>
		<dict>
			<key>fileRef</key>
			<string>C0258F6B1A86C2DF00878C99</string>
			<key>isa</key>
			<string>PBXBuildFile</string>
		</dict>
		<key>C0F4599F1A8821AA0019EDD3</key>
		<dict>
			<key>fileRef</key>
			<string>C0FF6C0E1A86B6F5001099C3</string>
			<key>isa</key>
			<string>PBXBuildFile</string>
		</dict>
		<key>C0F459A01A8821AA0019EDD3</key>
		<dict>
			<key>fileRef</key>
			<string>C0258F841A87172200878C99</string>
			<key>isa</key>
			<string>PBXBuildFile</string>
		</dict>
		<key>C0F459A11A8821AA0019EDD3</key>
		<dict>
			<key>fileRef</key>
			<string>C0258F781A87038C00878C99</string>
			<key>isa</key>
			<string>PBXBuildFile</string>
		</dict>
		<key>C0F459A21A8821AA0019EDD3</key>
		<dict>
			<key>fileRef</key>
			<string>C0258F691A86C21600878C99</string>
			<key>isa</key>
			<string>PBXBuildFile</string>
		</dict>
		<key>C0F459A31A8821AA0019EDD3</key>
		<dict>
			<key>fileRef</key>
			<string>C071339F1A85C0C5008B8DC8</string>
			<key>isa</key>
			<string>PBXBuildFile</string>
		</dict>
		<key>C0F459A41A8821AA0019EDD3</key>
		<dict>
			<key>fileRef</key>
			<string>C07133991A85C0C5008B8DC8</string>
			<key>isa</key>
			<string>PBXBuildFile</string>
		</dict>
		<key>C0F459A51A8821AA0019EDD3</key>
		<dict>
			<key>fileRef</key>
			<string>C0258F671A86C09C00878C99</string>
			<key>isa</key>
			<string>PBXBuildFile</string>
		</dict>
		<key>C0F459A61A8821AA0019EDD3</key>
		<dict>
			<key>buildActionMask</key>
			<string>2147483647</string>
			<key>files</key>
			<array>
				<string>C9B74F56315B520EB449EE19</string>
			</array>
			<key>isa</key>
			<string>PBXFrameworksBuildPhase</string>
			<key>runOnlyForDeploymentPostprocessing</key>
			<string>0</string>
		</dict>
		<key>C0F459A81A8821AA0019EDD3</key>
		<dict>
			<key>buildActionMask</key>
			<string>2147483647</string>
			<key>files</key>
			<array>
				<string>C0F459A91A8821AA0019EDD3</string>
				<string>C0F459AA1A8821AA0019EDD3</string>
				<string>C0F459AB1A8821AA0019EDD3</string>
				<string>C0F459AC1A8821AA0019EDD3</string>
				<string>C0F459AD1A8821AA0019EDD3</string>
				<string>C0F459AE1A8821AA0019EDD3</string>
				<string>C0F459AF1A8821AA0019EDD3</string>
				<string>C0F459B01A8821AA0019EDD3</string>
				<string>C0F459B11A8821AA0019EDD3</string>
			</array>
			<key>isa</key>
			<string>PBXResourcesBuildPhase</string>
			<key>runOnlyForDeploymentPostprocessing</key>
			<string>0</string>
		</dict>
		<key>C0F459A91A8821AA0019EDD3</key>
		<dict>
			<key>fileRef</key>
			<string>C07133A61A85C0C5008B8DC8</string>
			<key>isa</key>
			<string>PBXBuildFile</string>
		</dict>
		<key>C0F459AA1A8821AA0019EDD3</key>
		<dict>
			<key>fileRef</key>
			<string>C0258F721A87035F00878C99</string>
			<key>isa</key>
			<string>PBXBuildFile</string>
		</dict>
		<key>C0F459AB1A8821AA0019EDD3</key>
		<dict>
			<key>fileRef</key>
			<string>C0258F701A87035F00878C99</string>
			<key>isa</key>
			<string>PBXBuildFile</string>
		</dict>
		<key>C0F459AC1A8821AA0019EDD3</key>
		<dict>
			<key>fileRef</key>
			<string>C0258F6E1A87035F00878C99</string>
			<key>isa</key>
			<string>PBXBuildFile</string>
		</dict>
		<key>C0F459AD1A8821AA0019EDD3</key>
		<dict>
			<key>fileRef</key>
			<string>C07133A41A85C0C5008B8DC8</string>
			<key>isa</key>
			<string>PBXBuildFile</string>
		</dict>
		<key>C0F459AE1A8821AA0019EDD3</key>
		<dict>
			<key>fileRef</key>
			<string>C07133A11A85C0C5008B8DC8</string>
			<key>isa</key>
			<string>PBXBuildFile</string>
		</dict>
		<key>C0F459AF1A8821AA0019EDD3</key>
		<dict>
			<key>fileRef</key>
			<string>C0258F6F1A87035F00878C99</string>
			<key>isa</key>
			<string>PBXBuildFile</string>
		</dict>
		<key>C0F459B01A8821AA0019EDD3</key>
		<dict>
			<key>fileRef</key>
			<string>C0258F711A87035F00878C99</string>
			<key>isa</key>
			<string>PBXBuildFile</string>
		</dict>
		<key>C0F459B11A8821AA0019EDD3</key>
		<dict>
			<key>fileRef</key>
			<string>C0FF6C0C1A86B659001099C3</string>
			<key>isa</key>
			<string>PBXBuildFile</string>
		</dict>
		<key>C0F459B21A8821AA0019EDD3</key>
		<dict>
			<key>buildActionMask</key>
			<string>2147483647</string>
			<key>files</key>
			<array/>
			<key>inputPaths</key>
			<array/>
			<key>isa</key>
			<string>PBXShellScriptBuildPhase</string>
			<key>name</key>
			<string>Copy Pods Resources</string>
			<key>outputPaths</key>
			<array/>
			<key>runOnlyForDeploymentPostprocessing</key>
			<string>0</string>
			<key>shellPath</key>
			<string>/bin/sh</string>
			<key>shellScript</key>
			<string>"${SRCROOT}/Pods/Target Support Files/Pods-CookieCrunch-cal/Pods-CookieCrunch-cal-resources.sh"
</string>
			<key>showEnvVarsInLog</key>
			<string>0</string>
		</dict>
		<key>C0F459B31A8821AA0019EDD3</key>
		<dict>
			<key>buildConfigurations</key>
			<array>
				<string>C0F459B41A8821AA0019EDD3</string>
				<string>C0F459B51A8821AA0019EDD3</string>
			</array>
			<key>defaultConfigurationIsVisible</key>
			<string>0</string>
			<key>defaultConfigurationName</key>
			<string>Release</string>
			<key>isa</key>
			<string>XCConfigurationList</string>
		</dict>
		<key>C0F459B41A8821AA0019EDD3</key>
		<dict>
			<key>baseConfigurationReference</key>
			<string>BE94332C5B1E637D52197C41</string>
			<key>buildSettings</key>
			<dict>
				<key>ASSETCATALOG_COMPILER_APPICON_NAME</key>
				<string>AppIcon</string>
				<key>INFOPLIST_FILE</key>
				<string>$(SRCROOT)/CookieCrunch-cal-Info.plist</string>
				<key>LD_RUNPATH_SEARCH_PATHS</key>
				<string>$(inherited) @executable_path/Frameworks</string>
				<key>PRODUCT_NAME</key>
				<string>CookieCrunch-cal</string>
			</dict>
			<key>isa</key>
			<string>XCBuildConfiguration</string>
			<key>name</key>
			<string>Debug</string>
		</dict>
		<key>C0F459B51A8821AA0019EDD3</key>
		<dict>
			<key>baseConfigurationReference</key>
			<string>E62EB34A338DB0638ECC5F6A</string>
			<key>buildSettings</key>
			<dict>
				<key>ASSETCATALOG_COMPILER_APPICON_NAME</key>
				<string>AppIcon</string>
				<key>INFOPLIST_FILE</key>
				<string>$(SRCROOT)/CookieCrunch-cal-Info.plist</string>
				<key>LD_RUNPATH_SEARCH_PATHS</key>
				<string>$(inherited) @executable_path/Frameworks</string>
				<key>PRODUCT_NAME</key>
				<string>CookieCrunch-cal</string>
			</dict>
			<key>isa</key>
			<string>XCBuildConfiguration</string>
			<key>name</key>
			<string>Release</string>
		</dict>
		<key>C0F459B61A8821AA0019EDD3</key>
		<dict>
			<key>explicitFileType</key>
			<string>wrapper.application</string>
			<key>includeInIndex</key>
			<string>0</string>
			<key>isa</key>
			<string>PBXFileReference</string>
			<key>path</key>
			<string>CookieCrunch-cal.app</string>
			<key>sourceTree</key>
			<string>BUILT_PRODUCTS_DIR</string>
		</dict>
		<key>C0F459B71A8821AA0019EDD3</key>
		<dict>
			<key>isa</key>
			<string>PBXFileReference</string>
			<key>lastKnownFileType</key>
			<string>text.plist.xml</string>
			<key>name</key>
			<string>CookieCrunch-cal-Info.plist</string>
			<key>path</key>
			<string>/Users/remington/Pillar/mobile-app-contest/CookieCrunch/CookieCrunch-cal-Info.plist</string>
			<key>sourceTree</key>
			<string>&lt;absolute&gt;</string>
		</dict>
		<key>C0FF6C0C1A86B659001099C3</key>
		<dict>
			<key>isa</key>
			<string>PBXFileReference</string>
			<key>lastKnownFileType</key>
			<string>folder.skatlas</string>
			<key>path</key>
			<string>Sprites.atlas</string>
			<key>sourceTree</key>
			<string>&lt;group&gt;</string>
		</dict>
		<key>C0FF6C0D1A86B659001099C3</key>
		<dict>
			<key>fileRef</key>
			<string>C0FF6C0C1A86B659001099C3</string>
			<key>isa</key>
			<string>PBXBuildFile</string>
		</dict>
		<key>C0FF6C0E1A86B6F5001099C3</key>
		<dict>
			<key>fileEncoding</key>
			<string>4</string>
			<key>isa</key>
			<string>PBXFileReference</string>
			<key>lastKnownFileType</key>
			<string>sourcecode.swift</string>
			<key>path</key>
			<string>Cookie.swift</string>
			<key>sourceTree</key>
			<string>&lt;group&gt;</string>
		</dict>
		<key>C0FF6C0F1A86B6F5001099C3</key>
		<dict>
			<key>fileRef</key>
			<string>C0FF6C0E1A86B6F5001099C3</string>
			<key>isa</key>
			<string>PBXBuildFile</string>
		</dict>
		<key>C0FF6C101A86BA92001099C3</key>
		<dict>
			<key>fileRef</key>
			<string>C0FF6C0E1A86B6F5001099C3</string>
			<key>isa</key>
			<string>PBXBuildFile</string>
		</dict>
		<key>C43709CE0715A91FB1F2AB8D</key>
		<dict>
			<key>buildActionMask</key>
			<string>2147483647</string>
			<key>files</key>
			<array/>
			<key>inputPaths</key>
			<array/>
			<key>isa</key>
			<string>PBXShellScriptBuildPhase</string>
			<key>name</key>
			<string>Check Pods Manifest.lock</string>
			<key>outputPaths</key>
			<array/>
			<key>runOnlyForDeploymentPostprocessing</key>
			<string>0</string>
			<key>shellPath</key>
			<string>/bin/sh</string>
			<key>shellScript</key>
			<string>diff "${PODS_ROOT}/../Podfile.lock" "${PODS_ROOT}/Manifest.lock" &gt; /dev/null
if [[ $? != 0 ]] ; then
    cat &lt;&lt; EOM
error: The sandbox is not in sync with the Podfile.lock. Run 'pod install' or update your CocoaPods installation.
EOM
    exit 1
fi
</string>
			<key>showEnvVarsInLog</key>
			<string>0</string>
		</dict>
		<key>C9B74F56315B520EB449EE19</key>
		<dict>
			<key>fileRef</key>
			<string>263116638ED90FAC1205BD01</string>
			<key>isa</key>
			<string>PBXBuildFile</string>
		</dict>
		<key>E62EB34A338DB0638ECC5F6A</key>
		<dict>
			<key>includeInIndex</key>
			<string>1</string>
			<key>isa</key>
			<string>PBXFileReference</string>
			<key>lastKnownFileType</key>
			<string>text.xcconfig</string>
			<key>name</key>
			<string>Pods-CookieCrunch-cal.release.xcconfig</string>
			<key>path</key>
			<string>Pods/Target Support Files/Pods-CookieCrunch-cal/Pods-CookieCrunch-cal.release.xcconfig</string>
			<key>sourceTree</key>
			<string>&lt;group&gt;</string>
		</dict>
		<key>F46817C06B68ECD940F9AEBE</key>
		<dict>
			<key>children</key>
			<array>
				<string>FE02A5BB0F3146EDF04767EA</string>
				<string>42114F6B4FBF61A3A3C38B69</string>
				<string>217B308C28D844E7B8BB6760</string>
				<string>9F7C2E088327D0E2DC693EFB</string>
				<string>BE94332C5B1E637D52197C41</string>
				<string>E62EB34A338DB0638ECC5F6A</string>
			</array>
			<key>isa</key>
			<string>PBXGroup</string>
			<key>name</key>
			<string>Pods</string>
			<key>sourceTree</key>
			<string>&lt;group&gt;</string>
		</dict>
		<key>FE02A5BB0F3146EDF04767EA</key>
		<dict>
			<key>includeInIndex</key>
			<string>1</string>
			<key>isa</key>
			<string>PBXFileReference</string>
			<key>lastKnownFileType</key>
			<string>text.xcconfig</string>
			<key>name</key>
			<string>Pods-CookieCrunch.debug.xcconfig</string>
			<key>path</key>
			<string>Pods/Target Support Files/Pods-CookieCrunch/Pods-CookieCrunch.debug.xcconfig</string>
			<key>sourceTree</key>
			<string>&lt;group&gt;</string>
		</dict>
	</dict>
	<key>rootObject</key>
	<string>C071338C1A85C0C5008B8DC8</string>
</dict>
</plist>
