// !$*UTF8*$!
{
	archiveVersion = 1;
	classes = {
	};
	objectVersion = 46;
	objects = {

/* Begin PBXBuildFile section */
		81E5FF5FEDF5B6FB570D4A80 /* libPods-CookieCrunch.a in Frameworks */ = {isa = PBXBuildFile; fileRef = 9654EA215D2A3CCA00F53DDF /* libPods-CookieCrunch.a */; };
		91B959500E23830BBDE15CFA /* Pods_CookieCrunchTests.framework in Frameworks */ = {isa = PBXBuildFile; fileRef = 4AA04C20130CB414A866859A /* Pods_CookieCrunchTests.framework */; settings = {ATTRIBUTES = (Weak, ); }; };
		C0258F681A86C09C00878C99 /* Array2D.swift in Sources */ = {isa = PBXBuildFile; fileRef = C0258F671A86C09C00878C99 /* Array2D.swift */; };
		C0258F6C1A86C2DF00878C99 /* Level.swift in Sources */ = {isa = PBXBuildFile; fileRef = C0258F6B1A86C2DF00878C99 /* Level.swift */; };
		C0258F731A87035F00878C99 /* Level_0.json in Resources */ = {isa = PBXBuildFile; fileRef = C0258F6E1A87035F00878C99 /* Level_0.json */; };
		C0258F741A87035F00878C99 /* Level_1.json in Resources */ = {isa = PBXBuildFile; fileRef = C0258F6F1A87035F00878C99 /* Level_1.json */; };
		C0258F751A87035F00878C99 /* Level_2.json in Resources */ = {isa = PBXBuildFile; fileRef = C0258F701A87035F00878C99 /* Level_2.json */; };
		C0258F761A87035F00878C99 /* Level_3.json in Resources */ = {isa = PBXBuildFile; fileRef = C0258F711A87035F00878C99 /* Level_3.json */; };
		C0258F771A87035F00878C99 /* Level_4.json in Resources */ = {isa = PBXBuildFile; fileRef = C0258F721A87035F00878C99 /* Level_4.json */; };
		C0258F791A87038C00878C99 /* Tile.swift in Sources */ = {isa = PBXBuildFile; fileRef = C0258F781A87038C00878C99 /* Tile.swift */; };
		C0258F7B1A8703EF00878C99 /* Extensions.swift in Sources */ = {isa = PBXBuildFile; fileRef = C0258F7A1A8703EF00878C99 /* Extensions.swift */; };
		C0258F7D1A87124F00878C99 /* GameSceneSpec.swift in Sources */ = {isa = PBXBuildFile; fileRef = C0258F7C1A87124F00878C99 /* GameSceneSpec.swift */; };
		C0258F7E1A8712A200878C99 /* GameScene.swift in Sources */ = {isa = PBXBuildFile; fileRef = C071339D1A85C0C5008B8DC8 /* GameScene.swift */; };
		C0258F7F1A87132800878C99 /* Level.swift in Sources */ = {isa = PBXBuildFile; fileRef = C0258F6B1A86C2DF00878C99 /* Level.swift */; };
		C0258F811A87133600878C99 /* Array2D.swift in Sources */ = {isa = PBXBuildFile; fileRef = C0258F671A86C09C00878C99 /* Array2D.swift */; };
		C0258F821A87134900878C99 /* Tile.swift in Sources */ = {isa = PBXBuildFile; fileRef = C0258F781A87038C00878C99 /* Tile.swift */; };
		C0258F831A87135500878C99 /* Extensions.swift in Sources */ = {isa = PBXBuildFile; fileRef = C0258F7A1A8703EF00878C99 /* Extensions.swift */; };
		C0258F851A87172200878C99 /* Swap.swift in Sources */ = {isa = PBXBuildFile; fileRef = C0258F841A87172200878C99 /* Swap.swift */; };
		C0258F861A8717ED00878C99 /* Swap.swift in Sources */ = {isa = PBXBuildFile; fileRef = C0258F841A87172200878C99 /* Swap.swift */; };
		C071339A1A85C0C5008B8DC8 /* AppDelegate.swift in Sources */ = {isa = PBXBuildFile; fileRef = C07133991A85C0C5008B8DC8 /* AppDelegate.swift */; };
		C071339E1A85C0C5008B8DC8 /* GameScene.swift in Sources */ = {isa = PBXBuildFile; fileRef = C071339D1A85C0C5008B8DC8 /* GameScene.swift */; };
		C07133A01A85C0C5008B8DC8 /* GameViewController.swift in Sources */ = {isa = PBXBuildFile; fileRef = C071339F1A85C0C5008B8DC8 /* GameViewController.swift */; };
		C07133A31A85C0C5008B8DC8 /* Main.storyboard in Resources */ = {isa = PBXBuildFile; fileRef = C07133A11A85C0C5008B8DC8 /* Main.storyboard */; };
		C07133A51A85C0C5008B8DC8 /* Images.xcassets in Resources */ = {isa = PBXBuildFile; fileRef = C07133A41A85C0C5008B8DC8 /* Images.xcassets */; };
		C07133A81A85C0C5008B8DC8 /* LaunchScreen.xib in Resources */ = {isa = PBXBuildFile; fileRef = C07133A61A85C0C5008B8DC8 /* LaunchScreen.xib */; };
		C07133B41A85C0C5008B8DC8 /* CookieSpec.swift in Sources */ = {isa = PBXBuildFile; fileRef = C07133B31A85C0C5008B8DC8 /* CookieSpec.swift */; };
		C0F4599C1A8821AA0019EDD3 /* GameScene.swift in Sources */ = {isa = PBXBuildFile; fileRef = C071339D1A85C0C5008B8DC8 /* GameScene.swift */; };
		C0F4599D1A8821AA0019EDD3 /* Extensions.swift in Sources */ = {isa = PBXBuildFile; fileRef = C0258F7A1A8703EF00878C99 /* Extensions.swift */; };
		C0F4599E1A8821AA0019EDD3 /* Level.swift in Sources */ = {isa = PBXBuildFile; fileRef = C0258F6B1A86C2DF00878C99 /* Level.swift */; };
		C0F4599F1A8821AA0019EDD3 /* Cookie.swift in Sources */ = {isa = PBXBuildFile; fileRef = C0FF6C0E1A86B6F5001099C3 /* Cookie.swift */; };
		C0F459A01A8821AA0019EDD3 /* Swap.swift in Sources */ = {isa = PBXBuildFile; fileRef = C0258F841A87172200878C99 /* Swap.swift */; };
		C0F459A11A8821AA0019EDD3 /* Tile.swift in Sources */ = {isa = PBXBuildFile; fileRef = C0258F781A87038C00878C99 /* Tile.swift */; };
		C0F459A31A8821AA0019EDD3 /* GameViewController.swift in Sources */ = {isa = PBXBuildFile; fileRef = C071339F1A85C0C5008B8DC8 /* GameViewController.swift */; };
		C0F459A41A8821AA0019EDD3 /* AppDelegate.swift in Sources */ = {isa = PBXBuildFile; fileRef = C07133991A85C0C5008B8DC8 /* AppDelegate.swift */; };
		C0F459A51A8821AA0019EDD3 /* Array2D.swift in Sources */ = {isa = PBXBuildFile; fileRef = C0258F671A86C09C00878C99 /* Array2D.swift */; };
		C0F459A91A8821AA0019EDD3 /* LaunchScreen.xib in Resources */ = {isa = PBXBuildFile; fileRef = C07133A61A85C0C5008B8DC8 /* LaunchScreen.xib */; };
		C0F459AA1A8821AA0019EDD3 /* Level_4.json in Resources */ = {isa = PBXBuildFile; fileRef = C0258F721A87035F00878C99 /* Level_4.json */; };
		C0F459AB1A8821AA0019EDD3 /* Level_2.json in Resources */ = {isa = PBXBuildFile; fileRef = C0258F701A87035F00878C99 /* Level_2.json */; };
		C0F459AC1A8821AA0019EDD3 /* Level_0.json in Resources */ = {isa = PBXBuildFile; fileRef = C0258F6E1A87035F00878C99 /* Level_0.json */; };
		C0F459AD1A8821AA0019EDD3 /* Images.xcassets in Resources */ = {isa = PBXBuildFile; fileRef = C07133A41A85C0C5008B8DC8 /* Images.xcassets */; };
		C0F459AE1A8821AA0019EDD3 /* Main.storyboard in Resources */ = {isa = PBXBuildFile; fileRef = C07133A11A85C0C5008B8DC8 /* Main.storyboard */; };
		C0F459AF1A8821AA0019EDD3 /* Level_1.json in Resources */ = {isa = PBXBuildFile; fileRef = C0258F6F1A87035F00878C99 /* Level_1.json */; };
		C0F459B01A8821AA0019EDD3 /* Level_3.json in Resources */ = {isa = PBXBuildFile; fileRef = C0258F711A87035F00878C99 /* Level_3.json */; };
		C0F459B11A8821AA0019EDD3 /* Sprites.atlas in Resources */ = {isa = PBXBuildFile; fileRef = C0FF6C0C1A86B659001099C3 /* Sprites.atlas */; };
		C0FF6C0D1A86B659001099C3 /* Sprites.atlas in Resources */ = {isa = PBXBuildFile; fileRef = C0FF6C0C1A86B659001099C3 /* Sprites.atlas */; };
		C0FF6C0F1A86B6F5001099C3 /* Cookie.swift in Sources */ = {isa = PBXBuildFile; fileRef = C0FF6C0E1A86B6F5001099C3 /* Cookie.swift */; };
		C0FF6C101A86BA92001099C3 /* Cookie.swift in Sources */ = {isa = PBXBuildFile; fileRef = C0FF6C0E1A86B6F5001099C3 /* Cookie.swift */; };
		C9B74F56315B520EB449EE19 /* libPods-CookieCrunch-cal.a in Frameworks */ = {isa = PBXBuildFile; fileRef = 263116638ED90FAC1205BD01 /* libPods-CookieCrunch-cal.a */; };
/* End PBXBuildFile section */

/* Begin PBXContainerItemProxy section */
		C07133AE1A85C0C5008B8DC8 /* PBXContainerItemProxy */ = {
			isa = PBXContainerItemProxy;
			containerPortal = C071338C1A85C0C5008B8DC8 /* Project object */;
			proxyType = 1;
			remoteGlobalIDString = C07133931A85C0C5008B8DC8;
			remoteInfo = CookieCrunch;
		};
/* End PBXContainerItemProxy section */

/* Begin PBXFileReference section */
		217B308C28D844E7B8BB6760 /* Pods-CookieCrunchTests.debug.xcconfig */ = {isa = PBXFileReference; includeInIndex = 1; lastKnownFileType = text.xcconfig; name = "Pods-CookieCrunchTests.debug.xcconfig"; path = "Pods/Target Support Files/Pods-CookieCrunchTests/Pods-CookieCrunchTests.debug.xcconfig"; sourceTree = "<group>"; };
		263116638ED90FAC1205BD01 /* libPods-CookieCrunch-cal.a */ = {isa = PBXFileReference; explicitFileType = archive.ar; includeInIndex = 0; path = "libPods-CookieCrunch-cal.a"; sourceTree = BUILT_PRODUCTS_DIR; };
		42114F6B4FBF61A3A3C38B69 /* Pods-CookieCrunch.release.xcconfig */ = {isa = PBXFileReference; includeInIndex = 1; lastKnownFileType = text.xcconfig; name = "Pods-CookieCrunch.release.xcconfig"; path = "Pods/Target Support Files/Pods-CookieCrunch/Pods-CookieCrunch.release.xcconfig"; sourceTree = "<group>"; };
		4AA04C20130CB414A866859A /* Pods_CookieCrunchTests.framework */ = {isa = PBXFileReference; explicitFileType = wrapper.framework; includeInIndex = 0; path = Pods_CookieCrunchTests.framework; sourceTree = BUILT_PRODUCTS_DIR; };
		9654EA215D2A3CCA00F53DDF /* libPods-CookieCrunch.a */ = {isa = PBXFileReference; explicitFileType = archive.ar; includeInIndex = 0; path = "libPods-CookieCrunch.a"; sourceTree = BUILT_PRODUCTS_DIR; };
		9F7C2E088327D0E2DC693EFB /* Pods-CookieCrunchTests.release.xcconfig */ = {isa = PBXFileReference; includeInIndex = 1; lastKnownFileType = text.xcconfig; name = "Pods-CookieCrunchTests.release.xcconfig"; path = "Pods/Target Support Files/Pods-CookieCrunchTests/Pods-CookieCrunchTests.release.xcconfig"; sourceTree = "<group>"; };
		BE94332C5B1E637D52197C41 /* Pods-CookieCrunch-cal.debug.xcconfig */ = {isa = PBXFileReference; includeInIndex = 1; lastKnownFileType = text.xcconfig; name = "Pods-CookieCrunch-cal.debug.xcconfig"; path = "Pods/Target Support Files/Pods-CookieCrunch-cal/Pods-CookieCrunch-cal.debug.xcconfig"; sourceTree = "<group>"; };
		C0258F671A86C09C00878C99 /* Array2D.swift */ = {isa = PBXFileReference; fileEncoding = 4; lastKnownFileType = sourcecode.swift; path = Array2D.swift; sourceTree = "<group>"; };
		C0258F6B1A86C2DF00878C99 /* Level.swift */ = {isa = PBXFileReference; fileEncoding = 4; lastKnownFileType = sourcecode.swift; path = Level.swift; sourceTree = "<group>"; };
		C0258F6E1A87035F00878C99 /* Level_0.json */ = {isa = PBXFileReference; fileEncoding = 4; lastKnownFileType = text.json; path = Level_0.json; sourceTree = "<group>"; };
		C0258F6F1A87035F00878C99 /* Level_1.json */ = {isa = PBXFileReference; fileEncoding = 4; lastKnownFileType = text.json; path = Level_1.json; sourceTree = "<group>"; };
		C0258F701A87035F00878C99 /* Level_2.json */ = {isa = PBXFileReference; fileEncoding = 4; lastKnownFileType = text.json; path = Level_2.json; sourceTree = "<group>"; };
		C0258F711A87035F00878C99 /* Level_3.json */ = {isa = PBXFileReference; fileEncoding = 4; lastKnownFileType = text.json; path = Level_3.json; sourceTree = "<group>"; };
		C0258F721A87035F00878C99 /* Level_4.json */ = {isa = PBXFileReference; fileEncoding = 4; lastKnownFileType = text.json; path = Level_4.json; sourceTree = "<group>"; };
		C0258F781A87038C00878C99 /* Tile.swift */ = {isa = PBXFileReference; fileEncoding = 4; lastKnownFileType = sourcecode.swift; name = Tile.swift; path = Levels/Tile.swift; sourceTree = "<group>"; };
		C0258F7A1A8703EF00878C99 /* Extensions.swift */ = {isa = PBXFileReference; fileEncoding = 4; lastKnownFileType = sourcecode.swift; path = Extensions.swift; sourceTree = "<group>"; };
		C0258F7C1A87124F00878C99 /* GameSceneSpec.swift */ = {isa = PBXFileReference; fileEncoding = 4; lastKnownFileType = sourcecode.swift; path = GameSceneSpec.swift; sourceTree = "<group>"; };
		C0258F841A87172200878C99 /* Swap.swift */ = {isa = PBXFileReference; fileEncoding = 4; lastKnownFileType = sourcecode.swift; path = Swap.swift; sourceTree = "<group>"; };
		C07133941A85C0C5008B8DC8 /* CookieCrunch.app */ = {isa = PBXFileReference; explicitFileType = wrapper.application; includeInIndex = 0; path = CookieCrunch.app; sourceTree = BUILT_PRODUCTS_DIR; };
		C07133981A85C0C5008B8DC8 /* Info.plist */ = {isa = PBXFileReference; lastKnownFileType = text.plist.xml; path = Info.plist; sourceTree = "<group>"; };
		C07133991A85C0C5008B8DC8 /* AppDelegate.swift */ = {isa = PBXFileReference; lastKnownFileType = sourcecode.swift; path = AppDelegate.swift; sourceTree = "<group>"; };
		C071339D1A85C0C5008B8DC8 /* GameScene.swift */ = {isa = PBXFileReference; lastKnownFileType = sourcecode.swift; path = GameScene.swift; sourceTree = "<group>"; };
		C071339F1A85C0C5008B8DC8 /* GameViewController.swift */ = {isa = PBXFileReference; lastKnownFileType = sourcecode.swift; path = GameViewController.swift; sourceTree = "<group>"; };
		C07133A21A85C0C5008B8DC8 /* Base */ = {isa = PBXFileReference; lastKnownFileType = file.storyboard; name = Base; path = Base.lproj/Main.storyboard; sourceTree = "<group>"; };
		C07133A41A85C0C5008B8DC8 /* Images.xcassets */ = {isa = PBXFileReference; lastKnownFileType = folder.assetcatalog; path = Images.xcassets; sourceTree = "<group>"; };
		C07133A71A85C0C5008B8DC8 /* Base */ = {isa = PBXFileReference; lastKnownFileType = file.xib; name = Base; path = Base.lproj/LaunchScreen.xib; sourceTree = "<group>"; };
		C07133AD1A85C0C5008B8DC8 /* CookieCrunchTests.xctest */ = {isa = PBXFileReference; explicitFileType = wrapper.cfbundle; includeInIndex = 0; path = CookieCrunchTests.xctest; sourceTree = BUILT_PRODUCTS_DIR; };
		C07133B21A85C0C5008B8DC8 /* Info.plist */ = {isa = PBXFileReference; lastKnownFileType = text.plist.xml; path = Info.plist; sourceTree = "<group>"; };
		C07133B31A85C0C5008B8DC8 /* CookieSpec.swift */ = {isa = PBXFileReference; lastKnownFileType = sourcecode.swift; path = CookieSpec.swift; sourceTree = "<group>"; };
		C0F459B61A8821AA0019EDD3 /* CookieCrunch-cal.app */ = {isa = PBXFileReference; explicitFileType = wrapper.application; includeInIndex = 0; path = "CookieCrunch-cal.app"; sourceTree = BUILT_PRODUCTS_DIR; };
		C0F459B71A8821AA0019EDD3 /* CookieCrunch-cal-Info.plist */ = {isa = PBXFileReference; lastKnownFileType = text.plist.xml; name = "CookieCrunch-cal-Info.plist"; path = "/Users/remington/Pillar/mobile-app-contest/CookieCrunch/CookieCrunch-cal-Info.plist"; sourceTree = "<absolute>"; };
		C0FF6C0C1A86B659001099C3 /* Sprites.atlas */ = {isa = PBXFileReference; lastKnownFileType = folder.skatlas; path = Sprites.atlas; sourceTree = "<group>"; };
		C0FF6C0E1A86B6F5001099C3 /* Cookie.swift */ = {isa = PBXFileReference; fileEncoding = 4; lastKnownFileType = sourcecode.swift; path = Cookie.swift; sourceTree = "<group>"; };
		E62EB34A338DB0638ECC5F6A /* Pods-CookieCrunch-cal.release.xcconfig */ = {isa = PBXFileReference; includeInIndex = 1; lastKnownFileType = text.xcconfig; name = "Pods-CookieCrunch-cal.release.xcconfig"; path = "Pods/Target Support Files/Pods-CookieCrunch-cal/Pods-CookieCrunch-cal.release.xcconfig"; sourceTree = "<group>"; };
		FE02A5BB0F3146EDF04767EA /* Pods-CookieCrunch.debug.xcconfig */ = {isa = PBXFileReference; includeInIndex = 1; lastKnownFileType = text.xcconfig; name = "Pods-CookieCrunch.debug.xcconfig"; path = "Pods/Target Support Files/Pods-CookieCrunch/Pods-CookieCrunch.debug.xcconfig"; sourceTree = "<group>"; };
/* End PBXFileReference section */

/* Begin PBXFrameworksBuildPhase section */
		C07133911A85C0C5008B8DC8 /* Frameworks */ = {
			isa = PBXFrameworksBuildPhase;
			buildActionMask = 2147483647;
			files = (
				81E5FF5FEDF5B6FB570D4A80 /* libPods-CookieCrunch.a in Frameworks */,
			);
			runOnlyForDeploymentPostprocessing = 0;
		};
		C07133AA1A85C0C5008B8DC8 /* Frameworks */ = {
			isa = PBXFrameworksBuildPhase;
			buildActionMask = 2147483647;
			files = (
				91B959500E23830BBDE15CFA /* Pods_CookieCrunchTests.framework in Frameworks */,
			);
			runOnlyForDeploymentPostprocessing = 0;
		};
		C0F459A61A8821AA0019EDD3 /* Frameworks */ = {
			isa = PBXFrameworksBuildPhase;
			buildActionMask = 2147483647;
			files = (
				C9B74F56315B520EB449EE19 /* libPods-CookieCrunch-cal.a in Frameworks */,
			);
			runOnlyForDeploymentPostprocessing = 0;
		};
/* End PBXFrameworksBuildPhase section */

/* Begin PBXGroup section */
		2C43D0B20E0C1AB68C2AFB7F /* Frameworks */ = {
			isa = PBXGroup;
			children = (
				9654EA215D2A3CCA00F53DDF /* libPods-CookieCrunch.a */,
				4AA04C20130CB414A866859A /* Pods_CookieCrunchTests.framework */,
				263116638ED90FAC1205BD01 /* libPods-CookieCrunch-cal.a */,
			);
			name = Frameworks;
			sourceTree = "<group>";
		};
		C0258F6D1A87035F00878C99 /* Levels */ = {
			isa = PBXGroup;
			children = (
				C0258F6E1A87035F00878C99 /* Level_0.json */,
				C0258F6F1A87035F00878C99 /* Level_1.json */,
				C0258F701A87035F00878C99 /* Level_2.json */,
				C0258F711A87035F00878C99 /* Level_3.json */,
				C0258F721A87035F00878C99 /* Level_4.json */,
			);
			path = Levels;
			sourceTree = "<group>";
		};
		C071338B1A85C0C5008B8DC8 = {
			isa = PBXGroup;
			children = (
				C07133961A85C0C5008B8DC8 /* CookieCrunch */,
				C07133B01A85C0C5008B8DC8 /* CookieCrunchTests */,
				2C43D0B20E0C1AB68C2AFB7F /* Frameworks */,
				F46817C06B68ECD940F9AEBE /* Pods */,
				C07133951A85C0C5008B8DC8 /* Products */,
				C0F459B71A8821AA0019EDD3 /* CookieCrunch-cal-Info.plist */,
			);
			sourceTree = "<group>";
		};
		C07133951A85C0C5008B8DC8 /* Products */ = {
			isa = PBXGroup;
			children = (
				C07133941A85C0C5008B8DC8 /* CookieCrunch.app */,
				C07133AD1A85C0C5008B8DC8 /* CookieCrunchTests.xctest */,
				C0F459B61A8821AA0019EDD3 /* CookieCrunch-cal.app */,
			);
			name = Products;
			sourceTree = "<group>";
		};
		C07133961A85C0C5008B8DC8 /* CookieCrunch */ = {
			isa = PBXGroup;
			children = (
				C07133991A85C0C5008B8DC8 /* AppDelegate.swift */,
				C0258F671A86C09C00878C99 /* Array2D.swift */,
				C0FF6C0E1A86B6F5001099C3 /* Cookie.swift */,
				C071339D1A85C0C5008B8DC8 /* GameScene.swift */,
				C071339F1A85C0C5008B8DC8 /* GameViewController.swift */,
				C07133A41A85C0C5008B8DC8 /* Images.xcassets */,
				C07133A61A85C0C5008B8DC8 /* LaunchScreen.xib */,
				C0258F6B1A86C2DF00878C99 /* Level.swift */,
				C0258F7A1A8703EF00878C99 /* Extensions.swift */,
				C0258F781A87038C00878C99 /* Tile.swift */,
				C0258F6D1A87035F00878C99 /* Levels */,
				C07133A11A85C0C5008B8DC8 /* Main.storyboard */,
				C0FF6C0C1A86B659001099C3 /* Sprites.atlas */,
				C07133971A85C0C5008B8DC8 /* Supporting Files */,
				C0258F841A87172200878C99 /* Swap.swift */,
			);
			path = CookieCrunch;
			sourceTree = "<group>";
		};
		C07133971A85C0C5008B8DC8 /* Supporting Files */ = {
			isa = PBXGroup;
			children = (
				C07133981A85C0C5008B8DC8 /* Info.plist */,
			);
			name = "Supporting Files";
			sourceTree = "<group>";
		};
		C07133B01A85C0C5008B8DC8 /* CookieCrunchTests */ = {
			isa = PBXGroup;
			children = (
				C07133B31A85C0C5008B8DC8 /* CookieSpec.swift */,
				C07133B11A85C0C5008B8DC8 /* Supporting Files */,
				C0258F7C1A87124F00878C99 /* GameSceneSpec.swift */,
			);
			path = CookieCrunchTests;
			sourceTree = "<group>";
		};
		C07133B11A85C0C5008B8DC8 /* Supporting Files */ = {
			isa = PBXGroup;
			children = (
				C07133B21A85C0C5008B8DC8 /* Info.plist */,
			);
			name = "Supporting Files";
			sourceTree = "<group>";
		};
		F46817C06B68ECD940F9AEBE /* Pods */ = {
			isa = PBXGroup;
			children = (
				FE02A5BB0F3146EDF04767EA /* Pods-CookieCrunch.debug.xcconfig */,
				42114F6B4FBF61A3A3C38B69 /* Pods-CookieCrunch.release.xcconfig */,
				217B308C28D844E7B8BB6760 /* Pods-CookieCrunchTests.debug.xcconfig */,
				9F7C2E088327D0E2DC693EFB /* Pods-CookieCrunchTests.release.xcconfig */,
				BE94332C5B1E637D52197C41 /* Pods-CookieCrunch-cal.debug.xcconfig */,
				E62EB34A338DB0638ECC5F6A /* Pods-CookieCrunch-cal.release.xcconfig */,
			);
			name = Pods;
			sourceTree = "<group>";
		};
/* End PBXGroup section */

/* Begin PBXNativeTarget section */
		C07133931A85C0C5008B8DC8 /* CookieCrunch */ = {
			isa = PBXNativeTarget;
			buildConfigurationList = C07133B71A85C0C5008B8DC8 /* Build configuration list for PBXNativeTarget "CookieCrunch" */;
			buildPhases = (
				C43709CE0715A91FB1F2AB8D /* Check Pods Manifest.lock */,
				C07133901A85C0C5008B8DC8 /* Sources */,
				C07133911A85C0C5008B8DC8 /* Frameworks */,
				C07133921A85C0C5008B8DC8 /* Resources */,
				A3042EA95588BD24FDD2C9BC /* Copy Pods Resources */,
			);
			buildRules = (
			);
			dependencies = (
			);
			name = CookieCrunch;
			productName = CookieCrunch;
			productReference = C07133941A85C0C5008B8DC8 /* CookieCrunch.app */;
			productType = "com.apple.product-type.application";
		};
		C07133AC1A85C0C5008B8DC8 /* CookieCrunchTests */ = {
			isa = PBXNativeTarget;
			buildConfigurationList = C07133BA1A85C0C5008B8DC8 /* Build configuration list for PBXNativeTarget "CookieCrunchTests" */;
			buildPhases = (
				9E37638A228C8B5A55DFC7BE /* Check Pods Manifest.lock */,
				C07133A91A85C0C5008B8DC8 /* Sources */,
				C07133AA1A85C0C5008B8DC8 /* Frameworks */,
				C07133AB1A85C0C5008B8DC8 /* Resources */,
				38C040ACD4AE7387F5A8E1C1 /* Embed Pods Frameworks */,
				9AAA02B181A161C717632D2E /* Copy Pods Resources */,
			);
			buildRules = (
			);
			dependencies = (
				C07133AF1A85C0C5008B8DC8 /* PBXTargetDependency */,
			);
			name = CookieCrunchTests;
			productName = CookieCrunchTests;
			productReference = C07133AD1A85C0C5008B8DC8 /* CookieCrunchTests.xctest */;
			productType = "com.apple.product-type.bundle.unit-test";
		};
		C0F459991A8821AA0019EDD3 /* CookieCrunch-cal */ = {
			isa = PBXNativeTarget;
			buildConfigurationList = C0F459B31A8821AA0019EDD3 /* Build configuration list for PBXNativeTarget "CookieCrunch-cal" */;
			buildPhases = (
				C0F4599A1A8821AA0019EDD3 /* Check Pods Manifest.lock */,
				C0F4599B1A8821AA0019EDD3 /* Sources */,
				C0F459A61A8821AA0019EDD3 /* Frameworks */,
				C0F459A81A8821AA0019EDD3 /* Resources */,
				C0F459B21A8821AA0019EDD3 /* Copy Pods Resources */,
			);
			buildRules = (
			);
			dependencies = (
			);
			name = "CookieCrunch-cal";
			productName = CookieCrunch;
			productReference = C0F459B61A8821AA0019EDD3 /* CookieCrunch-cal.app */;
			productType = "com.apple.product-type.application";
		};
/* End PBXNativeTarget section */

/* Begin PBXProject section */
		C071338C1A85C0C5008B8DC8 /* Project object */ = {
			isa = PBXProject;
			attributes = {
				LastUpgradeCheck = 0610;
				ORGANIZATIONNAME = "Remington Davenport";
				TargetAttributes = {
					C07133931A85C0C5008B8DC8 = {
						CreatedOnToolsVersion = 6.1.1;
					};
					C07133AC1A85C0C5008B8DC8 = {
						CreatedOnToolsVersion = 6.1.1;
						TestTargetID = C07133931A85C0C5008B8DC8;
					};
				};
			};
			buildConfigurationList = C071338F1A85C0C5008B8DC8 /* Build configuration list for PBXProject "CookieCrunch" */;
			compatibilityVersion = "Xcode 3.2";
			developmentRegion = English;
			hasScannedForEncodings = 0;
			knownRegions = (
				en,
				Base,
			);
			mainGroup = C071338B1A85C0C5008B8DC8;
			productRefGroup = C07133951A85C0C5008B8DC8 /* Products */;
			projectDirPath = "";
			projectRoot = "";
			targets = (
				C07133931A85C0C5008B8DC8 /* CookieCrunch */,
				C0F459991A8821AA0019EDD3 /* CookieCrunch-cal */,
				C07133AC1A85C0C5008B8DC8 /* CookieCrunchTests */,
			);
		};
/* End PBXProject section */

/* Begin PBXResourcesBuildPhase section */
		C07133921A85C0C5008B8DC8 /* Resources */ = {
			isa = PBXResourcesBuildPhase;
			buildActionMask = 2147483647;
			files = (
				C07133A81A85C0C5008B8DC8 /* LaunchScreen.xib in Resources */,
				C0258F771A87035F00878C99 /* Level_4.json in Resources */,
				C0258F751A87035F00878C99 /* Level_2.json in Resources */,
				C0258F731A87035F00878C99 /* Level_0.json in Resources */,
				C07133A51A85C0C5008B8DC8 /* Images.xcassets in Resources */,
				C07133A31A85C0C5008B8DC8 /* Main.storyboard in Resources */,
				C0258F741A87035F00878C99 /* Level_1.json in Resources */,
				C0258F761A87035F00878C99 /* Level_3.json in Resources */,
				C0FF6C0D1A86B659001099C3 /* Sprites.atlas in Resources */,
			);
			runOnlyForDeploymentPostprocessing = 0;
		};
		C07133AB1A85C0C5008B8DC8 /* Resources */ = {
			isa = PBXResourcesBuildPhase;
			buildActionMask = 2147483647;
			files = (
			);
			runOnlyForDeploymentPostprocessing = 0;
		};
		C0F459A81A8821AA0019EDD3 /* Resources */ = {
			isa = PBXResourcesBuildPhase;
			buildActionMask = 2147483647;
			files = (
				C0F459A91A8821AA0019EDD3 /* LaunchScreen.xib in Resources */,
				C0F459AA1A8821AA0019EDD3 /* Level_4.json in Resources */,
				C0F459AB1A8821AA0019EDD3 /* Level_2.json in Resources */,
				C0F459AC1A8821AA0019EDD3 /* Level_0.json in Resources */,
				C0F459AD1A8821AA0019EDD3 /* Images.xcassets in Resources */,
				C0F459AE1A8821AA0019EDD3 /* Main.storyboard in Resources */,
				C0F459AF1A8821AA0019EDD3 /* Level_1.json in Resources */,
				C0F459B01A8821AA0019EDD3 /* Level_3.json in Resources */,
				C0F459B11A8821AA0019EDD3 /* Sprites.atlas in Resources */,
			);
			runOnlyForDeploymentPostprocessing = 0;
		};
/* End PBXResourcesBuildPhase section */

/* Begin PBXShellScriptBuildPhase section */
		38C040ACD4AE7387F5A8E1C1 /* Embed Pods Frameworks */ = {
			isa = PBXShellScriptBuildPhase;
			buildActionMask = 2147483647;
			files = (
			);
			inputPaths = (
			);
			name = "Embed Pods Frameworks";
			outputPaths = (
			);
			runOnlyForDeploymentPostprocessing = 0;
			shellPath = /bin/sh;
			shellScript = "\"${SRCROOT}/Pods/Target Support Files/Pods-CookieCrunchTests/Pods-CookieCrunchTests-frameworks.sh\"\n";
			showEnvVarsInLog = 0;
		};
		9AAA02B181A161C717632D2E /* Copy Pods Resources */ = {
			isa = PBXShellScriptBuildPhase;
			buildActionMask = 2147483647;
			files = (
			);
			inputPaths = (
			);
			name = "Copy Pods Resources";
			outputPaths = (
			);
			runOnlyForDeploymentPostprocessing = 0;
			shellPath = /bin/sh;
			shellScript = "\"${SRCROOT}/Pods/Target Support Files/Pods-CookieCrunchTests/Pods-CookieCrunchTests-resources.sh\"\n";
			showEnvVarsInLog = 0;
		};
		9E37638A228C8B5A55DFC7BE /* Check Pods Manifest.lock */ = {
			isa = PBXShellScriptBuildPhase;
			buildActionMask = 2147483647;
			files = (
			);
			inputPaths = (
			);
			name = "Check Pods Manifest.lock";
			outputPaths = (
			);
			runOnlyForDeploymentPostprocessing = 0;
			shellPath = /bin/sh;
			shellScript = "diff \"${PODS_ROOT}/../Podfile.lock\" \"${PODS_ROOT}/Manifest.lock\" > /dev/null\nif [[ $? != 0 ]] ; then\n    cat << EOM\nerror: The sandbox is not in sync with the Podfile.lock. Run 'pod install' or update your CocoaPods installation.\nEOM\n    exit 1\nfi\n";
			showEnvVarsInLog = 0;
		};
		A3042EA95588BD24FDD2C9BC /* Copy Pods Resources */ = {
			isa = PBXShellScriptBuildPhase;
			buildActionMask = 2147483647;
			files = (
			);
			inputPaths = (
			);
			name = "Copy Pods Resources";
			outputPaths = (
			);
			runOnlyForDeploymentPostprocessing = 0;
			shellPath = /bin/sh;
			shellScript = "\"${SRCROOT}/Pods/Target Support Files/Pods-CookieCrunch/Pods-CookieCrunch-resources.sh\"\n";
			showEnvVarsInLog = 0;
		};
		C0F4599A1A8821AA0019EDD3 /* Check Pods Manifest.lock */ = {
			isa = PBXShellScriptBuildPhase;
			buildActionMask = 2147483647;
			files = (
			);
			inputPaths = (
			);
			name = "Check Pods Manifest.lock";
			outputPaths = (
			);
			runOnlyForDeploymentPostprocessing = 0;
			shellPath = /bin/sh;
			shellScript = "diff \"${PODS_ROOT}/../Podfile.lock\" \"${PODS_ROOT}/Manifest.lock\" > /dev/null\nif [[ $? != 0 ]] ; then\n    cat << EOM\nerror: The sandbox is not in sync with the Podfile.lock. Run 'pod install' or update your CocoaPods installation.\nEOM\n    exit 1\nfi\n";
			showEnvVarsInLog = 0;
		};
		C0F459B21A8821AA0019EDD3 /* Copy Pods Resources */ = {
			isa = PBXShellScriptBuildPhase;
			buildActionMask = 2147483647;
			files = (
			);
			inputPaths = (
			);
			name = "Copy Pods Resources";
			outputPaths = (
			);
			runOnlyForDeploymentPostprocessing = 0;
			shellPath = /bin/sh;
			shellScript = "\"${SRCROOT}/Pods/Target Support Files/Pods-CookieCrunch-cal/Pods-CookieCrunch-cal-resources.sh\"\n";
			showEnvVarsInLog = 0;
		};
		C43709CE0715A91FB1F2AB8D /* Check Pods Manifest.lock */ = {
			isa = PBXShellScriptBuildPhase;
			buildActionMask = 2147483647;
			files = (
			);
			inputPaths = (
			);
			name = "Check Pods Manifest.lock";
			outputPaths = (
			);
			runOnlyForDeploymentPostprocessing = 0;
			shellPath = /bin/sh;
			shellScript = "diff \"${PODS_ROOT}/../Podfile.lock\" \"${PODS_ROOT}/Manifest.lock\" > /dev/null\nif [[ $? != 0 ]] ; then\n    cat << EOM\nerror: The sandbox is not in sync with the Podfile.lock. Run 'pod install' or update your CocoaPods installation.\nEOM\n    exit 1\nfi\n";
			showEnvVarsInLog = 0;
		};
/* End PBXShellScriptBuildPhase section */

/* Begin PBXSourcesBuildPhase section */
		C07133901A85C0C5008B8DC8 /* Sources */ = {
			isa = PBXSourcesBuildPhase;
			buildActionMask = 2147483647;
			files = (
				C071339E1A85C0C5008B8DC8 /* GameScene.swift in Sources */,
				C0258F7B1A8703EF00878C99 /* Extensions.swift in Sources */,
				C0258F6C1A86C2DF00878C99 /* Level.swift in Sources */,
				C0FF6C0F1A86B6F5001099C3 /* Cookie.swift in Sources */,
				C0258F851A87172200878C99 /* Swap.swift in Sources */,
				C0258F791A87038C00878C99 /* Tile.swift in Sources */,
				C07133A01A85C0C5008B8DC8 /* GameViewController.swift in Sources */,
				C071339A1A85C0C5008B8DC8 /* AppDelegate.swift in Sources */,
				C0258F681A86C09C00878C99 /* Array2D.swift in Sources */,
			);
			runOnlyForDeploymentPostprocessing = 0;
		};
		C07133A91A85C0C5008B8DC8 /* Sources */ = {
			isa = PBXSourcesBuildPhase;
			buildActionMask = 2147483647;
			files = (
				C0258F811A87133600878C99 /* Array2D.swift in Sources */,
				C0258F831A87135500878C99 /* Extensions.swift in Sources */,
				C07133B41A85C0C5008B8DC8 /* CookieSpec.swift in Sources */,
				C0FF6C101A86BA92001099C3 /* Cookie.swift in Sources */,
				C0258F861A8717ED00878C99 /* Swap.swift in Sources */,
				C0258F821A87134900878C99 /* Tile.swift in Sources */,
				C0258F7E1A8712A200878C99 /* GameScene.swift in Sources */,
				C0258F7F1A87132800878C99 /* Level.swift in Sources */,
				C0258F7D1A87124F00878C99 /* GameSceneSpec.swift in Sources */,
			);
			runOnlyForDeploymentPostprocessing = 0;
		};
		C0F4599B1A8821AA0019EDD3 /* Sources */ = {
			isa = PBXSourcesBuildPhase;
			buildActionMask = 2147483647;
			files = (
				C0F4599C1A8821AA0019EDD3 /* GameScene.swift in Sources */,
				C0F4599D1A8821AA0019EDD3 /* Extensions.swift in Sources */,
				C0F4599E1A8821AA0019EDD3 /* Level.swift in Sources */,
				C0F4599F1A8821AA0019EDD3 /* Cookie.swift in Sources */,
				C0F459A01A8821AA0019EDD3 /* Swap.swift in Sources */,
				C0F459A11A8821AA0019EDD3 /* Tile.swift in Sources */,
				C0F459A31A8821AA0019EDD3 /* GameViewController.swift in Sources */,
				C0F459A41A8821AA0019EDD3 /* AppDelegate.swift in Sources */,
				C0F459A51A8821AA0019EDD3 /* Array2D.swift in Sources */,
			);
			runOnlyForDeploymentPostprocessing = 0;
		};
/* End PBXSourcesBuildPhase section */

/* Begin PBXTargetDependency section */
		C07133AF1A85C0C5008B8DC8 /* PBXTargetDependency */ = {
			isa = PBXTargetDependency;
			target = C07133931A85C0C5008B8DC8 /* CookieCrunch */;
			targetProxy = C07133AE1A85C0C5008B8DC8 /* PBXContainerItemProxy */;
		};
/* End PBXTargetDependency section */

/* Begin PBXVariantGroup section */
		C07133A11A85C0C5008B8DC8 /* Main.storyboard */ = {
			isa = PBXVariantGroup;
			children = (
				C07133A21A85C0C5008B8DC8 /* Base */,
			);
			name = Main.storyboard;
			sourceTree = "<group>";
		};
		C07133A61A85C0C5008B8DC8 /* LaunchScreen.xib */ = {
			isa = PBXVariantGroup;
			children = (
				C07133A71A85C0C5008B8DC8 /* Base */,
			);
			name = LaunchScreen.xib;
			sourceTree = "<group>";
		};
/* End PBXVariantGroup section */

/* Begin XCBuildConfiguration section */
		C07133B51A85C0C5008B8DC8 /* Debug */ = {
			isa = XCBuildConfiguration;
			buildSettings = {
				ALWAYS_SEARCH_USER_PATHS = NO;
				CLANG_CXX_LANGUAGE_STANDARD = "gnu++0x";
				CLANG_CXX_LIBRARY = "libc++";
				CLANG_ENABLE_MODULES = YES;
				CLANG_ENABLE_OBJC_ARC = YES;
				CLANG_WARN_BOOL_CONVERSION = YES;
				CLANG_WARN_CONSTANT_CONVERSION = YES;
				CLANG_WARN_DIRECT_OBJC_ISA_USAGE = YES_ERROR;
				CLANG_WARN_EMPTY_BODY = YES;
				CLANG_WARN_ENUM_CONVERSION = YES;
				CLANG_WARN_INT_CONVERSION = YES;
				CLANG_WARN_OBJC_ROOT_CLASS = YES_ERROR;
				CLANG_WARN_UNREACHABLE_CODE = YES;
				CLANG_WARN__DUPLICATE_METHOD_MATCH = YES;
				"CODE_SIGN_IDENTITY[sdk=iphoneos*]" = "iPhone Developer";
				COPY_PHASE_STRIP = NO;
				ENABLE_STRICT_OBJC_MSGSEND = YES;
				GCC_C_LANGUAGE_STANDARD = gnu99;
				GCC_DYNAMIC_NO_PIC = NO;
				GCC_OPTIMIZATION_LEVEL = 0;
				GCC_PREPROCESSOR_DEFINITIONS = (
					"DEBUG=1",
					"$(inherited)",
				);
				GCC_SYMBOLS_PRIVATE_EXTERN = NO;
				GCC_WARN_64_TO_32_BIT_CONVERSION = YES;
				GCC_WARN_ABOUT_RETURN_TYPE = YES_ERROR;
				GCC_WARN_UNDECLARED_SELECTOR = YES;
				GCC_WARN_UNINITIALIZED_AUTOS = YES_AGGRESSIVE;
				GCC_WARN_UNUSED_FUNCTION = YES;
				GCC_WARN_UNUSED_VARIABLE = YES;
				IPHONEOS_DEPLOYMENT_TARGET = 8.1;
				MTL_ENABLE_DEBUG_INFO = YES;
				ONLY_ACTIVE_ARCH = YES;
				SDKROOT = iphoneos;
				SWIFT_OPTIMIZATION_LEVEL = "-Onone";
			};
			name = Debug;
		};
		C07133B61A85C0C5008B8DC8 /* Release */ = {
			isa = XCBuildConfiguration;
			buildSettings = {
				ALWAYS_SEARCH_USER_PATHS = NO;
				CLANG_CXX_LANGUAGE_STANDARD = "gnu++0x";
				CLANG_CXX_LIBRARY = "libc++";
				CLANG_ENABLE_MODULES = YES;
				CLANG_ENABLE_OBJC_ARC = YES;
				CLANG_WARN_BOOL_CONVERSION = YES;
				CLANG_WARN_CONSTANT_CONVERSION = YES;
				CLANG_WARN_DIRECT_OBJC_ISA_USAGE = YES_ERROR;
				CLANG_WARN_EMPTY_BODY = YES;
				CLANG_WARN_ENUM_CONVERSION = YES;
				CLANG_WARN_INT_CONVERSION = YES;
				CLANG_WARN_OBJC_ROOT_CLASS = YES_ERROR;
				CLANG_WARN_UNREACHABLE_CODE = YES;
				CLANG_WARN__DUPLICATE_METHOD_MATCH = YES;
				"CODE_SIGN_IDENTITY[sdk=iphoneos*]" = "iPhone Developer";
				COPY_PHASE_STRIP = YES;
				ENABLE_NS_ASSERTIONS = NO;
				ENABLE_STRICT_OBJC_MSGSEND = YES;
				GCC_C_LANGUAGE_STANDARD = gnu99;
				GCC_WARN_64_TO_32_BIT_CONVERSION = YES;
				GCC_WARN_ABOUT_RETURN_TYPE = YES_ERROR;
				GCC_WARN_UNDECLARED_SELECTOR = YES;
				GCC_WARN_UNINITIALIZED_AUTOS = YES_AGGRESSIVE;
				GCC_WARN_UNUSED_FUNCTION = YES;
				GCC_WARN_UNUSED_VARIABLE = YES;
				IPHONEOS_DEPLOYMENT_TARGET = 8.1;
				MTL_ENABLE_DEBUG_INFO = NO;
				SDKROOT = iphoneos;
				VALIDATE_PRODUCT = YES;
			};
			name = Release;
		};
		C07133B81A85C0C5008B8DC8 /* Debug */ = {
			isa = XCBuildConfiguration;
			baseConfigurationReference = FE02A5BB0F3146EDF04767EA /* Pods-CookieCrunch.debug.xcconfig */;
			buildSettings = {
				ASSETCATALOG_COMPILER_APPICON_NAME = AppIcon;
				INFOPLIST_FILE = CookieCrunch/Info.plist;
				LD_RUNPATH_SEARCH_PATHS = "$(inherited) @executable_path/Frameworks";
				PRODUCT_NAME = "$(TARGET_NAME)";
			};
			name = Debug;
		};
		C07133B91A85C0C5008B8DC8 /* Release */ = {
			isa = XCBuildConfiguration;
			baseConfigurationReference = 42114F6B4FBF61A3A3C38B69 /* Pods-CookieCrunch.release.xcconfig */;
			buildSettings = {
				ASSETCATALOG_COMPILER_APPICON_NAME = AppIcon;
				INFOPLIST_FILE = CookieCrunch/Info.plist;
				LD_RUNPATH_SEARCH_PATHS = "$(inherited) @executable_path/Frameworks";
				PRODUCT_NAME = "$(TARGET_NAME)";
			};
			name = Release;
		};
		C07133BB1A85C0C5008B8DC8 /* Debug */ = {
			isa = XCBuildConfiguration;
			baseConfigurationReference = 217B308C28D844E7B8BB6760 /* Pods-CookieCrunchTests.debug.xcconfig */;
			buildSettings = {
				BUNDLE_LOADER = "$(TEST_HOST)";
				FRAMEWORK_SEARCH_PATHS = (
					"$(SDKROOT)/Developer/Library/Frameworks",
					"$(inherited)",
				);
				GCC_PREPROCESSOR_DEFINITIONS = (
					"DEBUG=1",
					"$(inherited)",
				);
				INFOPLIST_FILE = CookieCrunchTests/Info.plist;
				LD_RUNPATH_SEARCH_PATHS = "$(inherited) @executable_path/Frameworks @loader_path/Frameworks";
				PRODUCT_NAME = "$(TARGET_NAME)";
				TEST_HOST = "$(BUILT_PRODUCTS_DIR)/CookieCrunch.app/CookieCrunch";
			};
			name = Debug;
		};
		C07133BC1A85C0C5008B8DC8 /* Release */ = {
			isa = XCBuildConfiguration;
			baseConfigurationReference = 9F7C2E088327D0E2DC693EFB /* Pods-CookieCrunchTests.release.xcconfig */;
			buildSettings = {
				BUNDLE_LOADER = "$(TEST_HOST)";
				FRAMEWORK_SEARCH_PATHS = (
					"$(SDKROOT)/Developer/Library/Frameworks",
					"$(inherited)",
				);
				INFOPLIST_FILE = CookieCrunchTests/Info.plist;
				LD_RUNPATH_SEARCH_PATHS = "$(inherited) @executable_path/Frameworks @loader_path/Frameworks";
				PRODUCT_NAME = "$(TARGET_NAME)";
				TEST_HOST = "$(BUILT_PRODUCTS_DIR)/CookieCrunch.app/CookieCrunch";
			};
			name = Release;
		};
		C0F459B41A8821AA0019EDD3 /* Debug */ = {
			isa = XCBuildConfiguration;
			baseConfigurationReference = BE94332C5B1E637D52197C41 /* Pods-CookieCrunch-cal.debug.xcconfig */;
			buildSettings = {
				ASSETCATALOG_COMPILER_APPICON_NAME = AppIcon;
				INFOPLIST_FILE = "$(SRCROOT)/CookieCrunch-cal-Info.plist";
				LD_RUNPATH_SEARCH_PATHS = "$(inherited) @executable_path/Frameworks";
				PRODUCT_NAME = "CookieCrunch-cal";
			};
			name = Debug;
		};
		C0F459B51A8821AA0019EDD3 /* Release */ = {
			isa = XCBuildConfiguration;
			baseConfigurationReference = E62EB34A338DB0638ECC5F6A /* Pods-CookieCrunch-cal.release.xcconfig */;
			buildSettings = {
				ASSETCATALOG_COMPILER_APPICON_NAME = AppIcon;
				INFOPLIST_FILE = "$(SRCROOT)/CookieCrunch-cal-Info.plist";
				LD_RUNPATH_SEARCH_PATHS = "$(inherited) @executable_path/Frameworks";
				PRODUCT_NAME = "CookieCrunch-cal";
			};
			name = Release;
		};
/* End XCBuildConfiguration section */

/* Begin XCConfigurationList section */
		C071338F1A85C0C5008B8DC8 /* Build configuration list for PBXProject "CookieCrunch" */ = {
			isa = XCConfigurationList;
			buildConfigurations = (
				C07133B51A85C0C5008B8DC8 /* Debug */,
				C07133B61A85C0C5008B8DC8 /* Release */,
			);
			defaultConfigurationIsVisible = 0;
			defaultConfigurationName = Release;
		};
		C07133B71A85C0C5008B8DC8 /* Build configuration list for PBXNativeTarget "CookieCrunch" */ = {
			isa = XCConfigurationList;
			buildConfigurations = (
				C07133B81A85C0C5008B8DC8 /* Debug */,
				C07133B91A85C0C5008B8DC8 /* Release */,
			);
			defaultConfigurationIsVisible = 0;
			defaultConfigurationName = Release;
		};
		C07133BA1A85C0C5008B8DC8 /* Build configuration list for PBXNativeTarget "CookieCrunchTests" */ = {
			isa = XCConfigurationList;
			buildConfigurations = (
				C07133BB1A85C0C5008B8DC8 /* Debug */,
				C07133BC1A85C0C5008B8DC8 /* Release */,
			);
			defaultConfigurationIsVisible = 0;
			defaultConfigurationName = Release;
		};
		C0F459B31A8821AA0019EDD3 /* Build configuration list for PBXNativeTarget "CookieCrunch-cal" */ = {
			isa = XCConfigurationList;
			buildConfigurations = (
				C0F459B41A8821AA0019EDD3 /* Debug */,
				C0F459B51A8821AA0019EDD3 /* Release */,
			);
			defaultConfigurationIsVisible = 0;
			defaultConfigurationName = Release;
		};
/* End XCConfigurationList section */
	};
	rootObject = C071338C1A85C0C5008B8DC8 /* Project object */;
}
